// !$*UTF8*$!
{
	archiveVersion = 1;
	classes = {
	};
	objectVersion = 50;
	objects = {

/* Begin PBXBuildFile section */
		01AAF87A47FB7357DC2549A7 /* Pods_Interface_Interface_iOS.framework in Frameworks */ = {isa = PBXBuildFile; fileRef = 2364F3A3646B1E60210FAE09 /* Pods_Interface_Interface_iOS.framework */; };
		1856580522B77CB80007B0B5 /* Interface_iOS.framework in Frameworks */ = {isa = PBXBuildFile; fileRef = 185657FB22B77CB80007B0B5 /* Interface_iOS.framework */; };
		18565A2C22B77DB00007B0B5 /* Configuration+TableView.swift in Sources */ = {isa = PBXBuildFile; fileRef = 185658F922B77DAF0007B0B5 /* Configuration+TableView.swift */; };
		18565A2D22B77DB00007B0B5 /* ReactantTableView.swift in Sources */ = {isa = PBXBuildFile; fileRef = 185658FA22B77DAF0007B0B5 /* ReactantTableView.swift */; };
		18565A2E22B77DB00007B0B5 /* Properties+TableView.swift in Sources */ = {isa = PBXBuildFile; fileRef = 185658FB22B77DAF0007B0B5 /* Properties+TableView.swift */; };
		18565A2F22B77DB00007B0B5 /* TableViewCell.swift in Sources */ = {isa = PBXBuildFile; fileRef = 185658FC22B77DAF0007B0B5 /* TableViewCell.swift */; };
		18565A3022B77DB00007B0B5 /* TableViewHeaderFooterWrapper.swift in Sources */ = {isa = PBXBuildFile; fileRef = 185658FE22B77DAF0007B0B5 /* TableViewHeaderFooterWrapper.swift */; };
		18565A3122B77DB00007B0B5 /* TableViewCellWrapper.swift in Sources */ = {isa = PBXBuildFile; fileRef = 185658FF22B77DAF0007B0B5 /* TableViewCellWrapper.swift */; };
		18565A3222B77DB00007B0B5 /* AnyTableViewHeaderFooterIdentifier.swift in Sources */ = {isa = PBXBuildFile; fileRef = 1856590122B77DAF0007B0B5 /* AnyTableViewHeaderFooterIdentifier.swift */; };
		18565A3322B77DB00007B0B5 /* AnyTableViewCellIdentifier.swift in Sources */ = {isa = PBXBuildFile; fileRef = 1856590222B77DAF0007B0B5 /* AnyTableViewCellIdentifier.swift */; };
		18565A3422B77DB00007B0B5 /* TableViewHeaderFooterIdentifier.swift in Sources */ = {isa = PBXBuildFile; fileRef = 1856590322B77DAF0007B0B5 /* TableViewHeaderFooterIdentifier.swift */; };
		18565A3522B77DB00007B0B5 /* TableViewCellIdentifier.swift in Sources */ = {isa = PBXBuildFile; fileRef = 1856590422B77DAF0007B0B5 /* TableViewCellIdentifier.swift */; };
		18565A3622B77DB00007B0B5 /* PlainTableView.swift in Sources */ = {isa = PBXBuildFile; fileRef = 1856590622B77DAF0007B0B5 /* PlainTableView.swift */; };
		18565A3722B77DB00007B0B5 /* SimpleTableView.swift in Sources */ = {isa = PBXBuildFile; fileRef = 1856590722B77DAF0007B0B5 /* SimpleTableView.swift */; };
		18565A3822B77DB00007B0B5 /* SimulatedSeparatorTableView.swift in Sources */ = {isa = PBXBuildFile; fileRef = 1856590822B77DAF0007B0B5 /* SimulatedSeparatorTableView.swift */; };
		18565A3922B77DB00007B0B5 /* FooterTableView.swift in Sources */ = {isa = PBXBuildFile; fileRef = 1856590922B77DAF0007B0B5 /* FooterTableView.swift */; };
		18565A3A22B77DB00007B0B5 /* HeaderTableView.swift in Sources */ = {isa = PBXBuildFile; fileRef = 1856590A22B77DAF0007B0B5 /* HeaderTableView.swift */; };
		18565A3B22B77DB00007B0B5 /* ReactantTableView+Delegates.swift in Sources */ = {isa = PBXBuildFile; fileRef = 1856590B22B77DAF0007B0B5 /* ReactantTableView+Delegates.swift */; };
		18565A3C22B77DB00007B0B5 /* TableViewBase.swift in Sources */ = {isa = PBXBuildFile; fileRef = 1856590C22B77DAF0007B0B5 /* TableViewBase.swift */; };
		18565A3D22B77DB00007B0B5 /* TableViewState.swift in Sources */ = {isa = PBXBuildFile; fileRef = 1856590D22B77DAF0007B0B5 /* TableViewState.swift */; };
		18565A3E22B77DB00007B0B5 /* Properties.swift in Sources */ = {isa = PBXBuildFile; fileRef = 1856590F22B77DAF0007B0B5 /* Properties.swift */; };
		18565A3F22B77DB00007B0B5 /* Property.swift in Sources */ = {isa = PBXBuildFile; fileRef = 1856591022B77DAF0007B0B5 /* Property.swift */; };
		18565A4022B77DB00007B0B5 /* Configurable.swift in Sources */ = {isa = PBXBuildFile; fileRef = 1856591122B77DAF0007B0B5 /* Configurable.swift */; };
		18565A4122B77DB00007B0B5 /* BaseSubConfiguration.swift in Sources */ = {isa = PBXBuildFile; fileRef = 1856591222B77DAF0007B0B5 /* BaseSubConfiguration.swift */; };
		18565A4222B77DB00007B0B5 /* SubConfiguration.swift in Sources */ = {isa = PBXBuildFile; fileRef = 1856591322B77DAF0007B0B5 /* SubConfiguration.swift */; };
		18565A4322B77DB00007B0B5 /* OptionalType.swift in Sources */ = {isa = PBXBuildFile; fileRef = 1856591422B77DAF0007B0B5 /* OptionalType.swift */; };
		18565A4422B77DB00007B0B5 /* Configuration+Style.swift in Sources */ = {isa = PBXBuildFile; fileRef = 1856591522B77DAF0007B0B5 /* Configuration+Style.swift */; };
		18565A4522B77DB00007B0B5 /* Configuration.swift in Sources */ = {isa = PBXBuildFile; fileRef = 1856591622B77DAF0007B0B5 /* Configuration.swift */; };
		18565A4622B77DB00007B0B5 /* ReactantThemeSelector.swift in Sources */ = {isa = PBXBuildFile; fileRef = 1856591822B77DAF0007B0B5 /* ReactantThemeSelector.swift */; };
		18565A4722B77DB00007B0B5 /* Properties+Core.swift in Sources */ = {isa = PBXBuildFile; fileRef = 1856591A22B77DAF0007B0B5 /* Properties+Core.swift */; };
		18565A4822B77DB00007B0B5 /* Properties+Style.swift in Sources */ = {isa = PBXBuildFile; fileRef = 1856591B22B77DAF0007B0B5 /* Properties+Style.swift */; };
		18565A4922B77DB00007B0B5 /* Configuration+Core.swift in Sources */ = {isa = PBXBuildFile; fileRef = 1856591C22B77DAF0007B0B5 /* Configuration+Core.swift */; };
		18565A4A22B77DB00007B0B5 /* UIButton+BackgroundColor.swift in Sources */ = {isa = PBXBuildFile; fileRef = 1856591D22B77DAF0007B0B5 /* UIButton+BackgroundColor.swift */; };
		18565A4B22B77DB00007B0B5 /* HyperView.swift in Sources */ = {isa = PBXBuildFile; fileRef = 1856591E22B77DAF0007B0B5 /* HyperView.swift */; };
		18565A4C22B77DB00007B0B5 /* NSShadow+convenienceInit.swift in Sources */ = {isa = PBXBuildFile; fileRef = 1856591F22B77DAF0007B0B5 /* NSShadow+convenienceInit.swift */; };
		18565A4D22B77DB00007B0B5 /* ConstraintAction.swift in Sources */ = {isa = PBXBuildFile; fileRef = 1856592222B77DAF0007B0B5 /* ConstraintAction.swift */; };
		18565A4E22B77DB00007B0B5 /* Visibility.swift in Sources */ = {isa = PBXBuildFile; fileRef = 1856592322B77DAF0007B0B5 /* Visibility.swift */; };
		18565A4F22B77DB00007B0B5 /* UIView+Visibility.swift in Sources */ = {isa = PBXBuildFile; fileRef = 1856592422B77DAF0007B0B5 /* UIView+Visibility.swift */; };
		18565A5022B77DB00007B0B5 /* CollapseAxis.swift in Sources */ = {isa = PBXBuildFile; fileRef = 1856592522B77DAF0007B0B5 /* CollapseAxis.swift */; };
		18565A5122B77DB00007B0B5 /* AssociatedObject.swift in Sources */ = {isa = PBXBuildFile; fileRef = 1856592722B77DAF0007B0B5 /* AssociatedObject.swift */; };
		18565A5222B77DB00007B0B5 /* Mutating.swift in Sources */ = {isa = PBXBuildFile; fileRef = 1856592822B77DAF0007B0B5 /* Mutating.swift */; };
		18565A5322B77DB00007B0B5 /* Scrollable.swift in Sources */ = {isa = PBXBuildFile; fileRef = 1856592A22B77DAF0007B0B5 /* Scrollable.swift */; };
		18565A5422B77DB00007B0B5 /* UIScrollView+Scrollable.swift in Sources */ = {isa = PBXBuildFile; fileRef = 1856592B22B77DAF0007B0B5 /* UIScrollView+Scrollable.swift */; };
		18565A5522B77DB00007B0B5 /* UIView+traits.swift in Sources */ = {isa = PBXBuildFile; fileRef = 1856592C22B77DAF0007B0B5 /* UIView+traits.swift */; };
		18565A5622B77DB00007B0B5 /* ActionPublisher.swift in Sources */ = {isa = PBXBuildFile; fileRef = 1856592D22B77DAF0007B0B5 /* ActionPublisher.swift */; };
		18565A5722B77DB00007B0B5 /* HyperViewManager.swift in Sources */ = {isa = PBXBuildFile; fileRef = 1856592E22B77DAF0007B0B5 /* HyperViewManager.swift */; };
		18565A5822B77DB00007B0B5 /* Array+subarrays.swift in Sources */ = {isa = PBXBuildFile; fileRef = 1856592F22B77DAF0007B0B5 /* Array+subarrays.swift */; };
		18565A5922B77DB00007B0B5 /* PickerView.swift in Sources */ = {isa = PBXBuildFile; fileRef = 1856593122B77DAF0007B0B5 /* PickerView.swift */; };
		18565A5A22B77DB00007B0B5 /* TextField.swift in Sources */ = {isa = PBXBuildFile; fileRef = 1856593222B77DAF0007B0B5 /* TextField.swift */; };
		18565A5B22B77DB00007B0B5 /* HyperViewState.swift in Sources */ = {isa = PBXBuildFile; fileRef = 1856593322B77DAF0007B0B5 /* HyperViewState.swift */; };
		18565A5C22B77DB00007B0B5 /* ControllerRootViewContainer.swift in Sources */ = {isa = PBXBuildFile; fileRef = 1856593422B77DAF0007B0B5 /* ControllerRootViewContainer.swift */; };
		18565A5D22B77DB00007B0B5 /* TextFieldActionDelegate.swift in Sources */ = {isa = PBXBuildFile; fileRef = 1856593622B77DAF0007B0B5 /* TextFieldActionDelegate.swift */; };
		18565A5E22B77DB00007B0B5 /* ButtonActionDelegate.swift in Sources */ = {isa = PBXBuildFile; fileRef = 1856593722B77DAF0007B0B5 /* ButtonActionDelegate.swift */; };
		18565A5F22B77DB00007B0B5 /* ControlEventObserver.swift in Sources */ = {isa = PBXBuildFile; fileRef = 1856593822B77DAF0007B0B5 /* ControlEventObserver.swift */; };
		18565A6022B77DB00007B0B5 /* ContainerView.swift in Sources */ = {isa = PBXBuildFile; fileRef = 1856593922B77DAF0007B0B5 /* ContainerView.swift */; };
		18565A6122B77DB00007B0B5 /* HyperViewController.swift in Sources */ = {isa = PBXBuildFile; fileRef = 1856593A22B77DAF0007B0B5 /* HyperViewController.swift */; };
		18565A6222B77DB00007B0B5 /* Configuration+CollectionView.swift in Sources */ = {isa = PBXBuildFile; fileRef = 1856593C22B77DAF0007B0B5 /* Configuration+CollectionView.swift */; };
		18565A6322B77DB00007B0B5 /* CollectionReusableViewWrapper.swift in Sources */ = {isa = PBXBuildFile; fileRef = 1856593E22B77DAF0007B0B5 /* CollectionReusableViewWrapper.swift */; };
		18565A6422B77DB00007B0B5 /* CollectionViewCellWrapper.swift in Sources */ = {isa = PBXBuildFile; fileRef = 1856593F22B77DAF0007B0B5 /* CollectionViewCellWrapper.swift */; };
		18565A6522B77DB00007B0B5 /* FlowCollectionViewBase+Delegates.swift in Sources */ = {isa = PBXBuildFile; fileRef = 1856594022B77DAF0007B0B5 /* FlowCollectionViewBase+Delegates.swift */; };
		18565A6622B77DB00007B0B5 /* Properties+CollectionView.swift in Sources */ = {isa = PBXBuildFile; fileRef = 1856594122B77DAF0007B0B5 /* Properties+CollectionView.swift */; };
		18565A6722B77DB00007B0B5 /* CollectionViewCell.swift in Sources */ = {isa = PBXBuildFile; fileRef = 1856594222B77DAF0007B0B5 /* CollectionViewCell.swift */; };
		18565A6822B77DB00007B0B5 /* FlowCollectionViewBase.swift in Sources */ = {isa = PBXBuildFile; fileRef = 1856594322B77DAF0007B0B5 /* FlowCollectionViewBase.swift */; };
		18565A6922B77DB00007B0B5 /* CollectionViewState.swift in Sources */ = {isa = PBXBuildFile; fileRef = 1856594422B77DAF0007B0B5 /* CollectionViewState.swift */; };
		18565A6A22B77DB00007B0B5 /* AnyCollectionViewCellIdentifier.swift in Sources */ = {isa = PBXBuildFile; fileRef = 1856594622B77DAF0007B0B5 /* AnyCollectionViewCellIdentifier.swift */; };
		18565A6B22B77DB00007B0B5 /* CollectionSupplementaryViewIdentifier.swift in Sources */ = {isa = PBXBuildFile; fileRef = 1856594722B77DAF0007B0B5 /* CollectionSupplementaryViewIdentifier.swift */; };
		18565A6C22B77DB00007B0B5 /* CollectionViewCellIdentifier.swift in Sources */ = {isa = PBXBuildFile; fileRef = 1856594822B77DAF0007B0B5 /* CollectionViewCellIdentifier.swift */; };
		18565A6D22B77DB00007B0B5 /* AnyCollectionSupplementaryViewIdentifier.swift in Sources */ = {isa = PBXBuildFile; fileRef = 1856594922B77DAF0007B0B5 /* AnyCollectionSupplementaryViewIdentifier.swift */; };
		18565A6E22B77DB00007B0B5 /* PagingCollectionView.swift in Sources */ = {isa = PBXBuildFile; fileRef = 1856594B22B77DAF0007B0B5 /* PagingCollectionView.swift */; };
		18565A6F22B77DB00007B0B5 /* SimpleCollectionView.swift in Sources */ = {isa = PBXBuildFile; fileRef = 1856594C22B77DAF0007B0B5 /* SimpleCollectionView.swift */; };
		18565A7022B77DB00007B0B5 /* ReactantCollectionView.swift in Sources */ = {isa = PBXBuildFile; fileRef = 1856594D22B77DAF0007B0B5 /* ReactantCollectionView.swift */; };
		18565A7122B77DB00007B0B5 /* ReactantCollectionView+Delegates.swift in Sources */ = {isa = PBXBuildFile; fileRef = 1856594E22B77DAF0007B0B5 /* ReactantCollectionView+Delegates.swift */; };
		18565A7222B77DB00007B0B5 /* CollectionViewBase.swift in Sources */ = {isa = PBXBuildFile; fileRef = 1856594F22B77DAF0007B0B5 /* CollectionViewBase.swift */; };
		18565A7322B77DB00007B0B5 /* Collection+CLLocationCoordinate2D.swift in Sources */ = {isa = PBXBuildFile; fileRef = 1856595122B77DAF0007B0B5 /* Collection+CLLocationCoordinate2D.swift */; };
		18565A7422B77DB00007B0B5 /* CLLocationCoordinate2D+utils.swift in Sources */ = {isa = PBXBuildFile; fileRef = 1856595222B77DAF0007B0B5 /* CLLocationCoordinate2D+utils.swift */; };
		18565A7522B77DB00007B0B5 /* MKCoordinateSpan+inset.swift in Sources */ = {isa = PBXBuildFile; fileRef = 1856595322B77DAF0007B0B5 /* MKCoordinateSpan+inset.swift */; };
		18565A7622B77DB00007B0B5 /* MKCoordinateRegion+utils.swift in Sources */ = {isa = PBXBuildFile; fileRef = 1856595422B77DAF0007B0B5 /* MKCoordinateRegion+utils.swift */; };
		18565A7722B77DB00007B0B5 /* StaticMap.swift in Sources */ = {isa = PBXBuildFile; fileRef = 1856595522B77DAF0007B0B5 /* StaticMap.swift */; };
		18565A7822B77DB00007B0B5 /* DialogDismissalListener.swift in Sources */ = {isa = PBXBuildFile; fileRef = 1856595822B77DAF0007B0B5 /* DialogDismissalListener.swift */; };
		18565A7922B77DB00007B0B5 /* DialogView.swift in Sources */ = {isa = PBXBuildFile; fileRef = 1856595922B77DAF0007B0B5 /* DialogView.swift */; };
		18565A7A22B77DB00007B0B5 /* DialogControllerBase.swift in Sources */ = {isa = PBXBuildFile; fileRef = 1856595A22B77DAF0007B0B5 /* DialogControllerBase.swift */; };
		18565A7B22B77DB00007B0B5 /* UINavigationController+DialogDismissalListener.swift in Sources */ = {isa = PBXBuildFile; fileRef = 1856595B22B77DAF0007B0B5 /* UINavigationController+DialogDismissalListener.swift */; };
		18565A7F22B77DB00007B0B5 /* UITraitHelper.swift in Sources */ = {isa = PBXBuildFile; fileRef = 1856596122B77DAF0007B0B5 /* UITraitHelper.swift */; };
		18565A8022B77DB00007B0B5 /* ViewOrientation.swift in Sources */ = {isa = PBXBuildFile; fileRef = 1856596222B77DAF0007B0B5 /* ViewOrientation.swift */; };
		18565A8222B77DB00007B0B5 /* Interface.h in Headers */ = {isa = PBXBuildFile; fileRef = 1856596622B77DAF0007B0B5 /* Interface.h */; settings = {ATTRIBUTES = (Public, ); }; };
		18565A8722B77DC00007B0B5 /* InterfaceTests.swift in Sources */ = {isa = PBXBuildFile; fileRef = 18565A8522B77DC00007B0B5 /* InterfaceTests.swift */; };
		18565A8B22B77F8C0007B0B5 /* GestureRecognizerObserver.swift in Sources */ = {isa = PBXBuildFile; fileRef = 18565A8A22B77F8C0007B0B5 /* GestureRecognizerObserver.swift */; };
		4CB68D128F15BBC8EFDDAABE /* Pods_Interface_Interface_macOS.framework in Frameworks */ = {isa = PBXBuildFile; fileRef = B31CDC3568A0B019761637E0 /* Pods_Interface_Interface_macOS.framework */; };
		68375E4F22CE31AD008E216A /* NSTextFieldObserver.swift in Sources */ = {isa = PBXBuildFile; fileRef = 68375E4E22CE31AD008E216A /* NSTextFieldObserver.swift */; };
		688B0B8B22CCCC2D00D4354E /* Interface.h in Headers */ = {isa = PBXBuildFile; fileRef = 1856596622B77DAF0007B0B5 /* Interface.h */; settings = {ATTRIBUTES = (Public, ); }; };
		688B0B8D22CCCC2D00D4354E /* ViewOrientation.swift in Sources */ = {isa = PBXBuildFile; fileRef = 1856596222B77DAF0007B0B5 /* ViewOrientation.swift */; };
		688B0B8E22CCCC2D00D4354E /* ConstraintAction.swift in Sources */ = {isa = PBXBuildFile; fileRef = 1856592222B77DAF0007B0B5 /* ConstraintAction.swift */; };
		688B0B9122CCCC2D00D4354E /* MKCoordinateSpan+inset.swift in Sources */ = {isa = PBXBuildFile; fileRef = 1856595322B77DAF0007B0B5 /* MKCoordinateSpan+inset.swift */; };
		688B0B9622CCCC2D00D4354E /* Scrollable.swift in Sources */ = {isa = PBXBuildFile; fileRef = 1856592A22B77DAF0007B0B5 /* Scrollable.swift */; };
		688B0B9D22CCCC2D00D4354E /* Collection+CLLocationCoordinate2D.swift in Sources */ = {isa = PBXBuildFile; fileRef = 1856595122B77DAF0007B0B5 /* Collection+CLLocationCoordinate2D.swift */; };
		688B0BA922CCCC2D00D4354E /* Configurable.swift in Sources */ = {isa = PBXBuildFile; fileRef = 1856591122B77DAF0007B0B5 /* Configurable.swift */; };
		688B0BAC22CCCC2D00D4354E /* HyperViewState.swift in Sources */ = {isa = PBXBuildFile; fileRef = 1856593322B77DAF0007B0B5 /* HyperViewState.swift */; };
		688B0BB022CCCC2D00D4354E /* MKCoordinateRegion+utils.swift in Sources */ = {isa = PBXBuildFile; fileRef = 1856595422B77DAF0007B0B5 /* MKCoordinateRegion+utils.swift */; };
		688B0BB522CCCC2D00D4354E /* HyperView.swift in Sources */ = {isa = PBXBuildFile; fileRef = 1856591E22B77DAF0007B0B5 /* HyperView.swift */; };
		688B0BBB22CCCC2D00D4354E /* Array+subarrays.swift in Sources */ = {isa = PBXBuildFile; fileRef = 1856592F22B77DAF0007B0B5 /* Array+subarrays.swift */; };
		688B0BC022CCCC2D00D4354E /* DialogDismissalListener.swift in Sources */ = {isa = PBXBuildFile; fileRef = 1856595822B77DAF0007B0B5 /* DialogDismissalListener.swift */; };
		688B0BC322CCCC2D00D4354E /* SubConfiguration.swift in Sources */ = {isa = PBXBuildFile; fileRef = 1856591322B77DAF0007B0B5 /* SubConfiguration.swift */; };
		688B0BC522CCCC2D00D4354E /* Properties.swift in Sources */ = {isa = PBXBuildFile; fileRef = 1856590F22B77DAF0007B0B5 /* Properties.swift */; };
		688B0BC622CCCC2D00D4354E /* Mutating.swift in Sources */ = {isa = PBXBuildFile; fileRef = 1856592822B77DAF0007B0B5 /* Mutating.swift */; };
		688B0BCB22CCCC2D00D4354E /* Configuration+Style.swift in Sources */ = {isa = PBXBuildFile; fileRef = 1856591522B77DAF0007B0B5 /* Configuration+Style.swift */; };
		688B0BD022CCCC2D00D4354E /* Configuration.swift in Sources */ = {isa = PBXBuildFile; fileRef = 1856591622B77DAF0007B0B5 /* Configuration.swift */; };
		688B0BD322CCCC2D00D4354E /* OptionalType.swift in Sources */ = {isa = PBXBuildFile; fileRef = 1856591422B77DAF0007B0B5 /* OptionalType.swift */; };
		688B0BD522CCCC2D00D4354E /* ActionPublisher.swift in Sources */ = {isa = PBXBuildFile; fileRef = 1856592D22B77DAF0007B0B5 /* ActionPublisher.swift */; };
		688B0BD622CCCC2D00D4354E /* CollectionViewState.swift in Sources */ = {isa = PBXBuildFile; fileRef = 1856594422B77DAF0007B0B5 /* CollectionViewState.swift */; };
		688B0BDB22CCCC2D00D4354E /* BaseSubConfiguration.swift in Sources */ = {isa = PBXBuildFile; fileRef = 1856591222B77DAF0007B0B5 /* BaseSubConfiguration.swift */; };
		688B0C5022CCD45000D4354E /* Property.swift in Sources */ = {isa = PBXBuildFile; fileRef = 1856591022B77DAF0007B0B5 /* Property.swift */; };
		688B0C5222CCD6AC00D4354E /* Properties+Style.swift in Sources */ = {isa = PBXBuildFile; fileRef = 1856591B22B77DAF0007B0B5 /* Properties+Style.swift */; };
		688B0C5422CCD6ED00D4354E /* AssociatedObject.swift in Sources */ = {isa = PBXBuildFile; fileRef = 1856592722B77DAF0007B0B5 /* AssociatedObject.swift */; };
		688B0C5522CCD7AE00D4354E /* NSShadow+convenienceInit.swift in Sources */ = {isa = PBXBuildFile; fileRef = 1856591F22B77DAF0007B0B5 /* NSShadow+convenienceInit.swift */; };
		688B0D2B22CCF1D000D4354E /* HyperViewController.swift in Sources */ = {isa = PBXBuildFile; fileRef = 1856593A22B77DAF0007B0B5 /* HyperViewController.swift */; };
		688B0D2D22CCF2A300D4354E /* Platform.swift in Sources */ = {isa = PBXBuildFile; fileRef = 688B0D2C22CCF2A200D4354E /* Platform.swift */; };
		688B0D2E22CCF2A300D4354E /* Platform.swift in Sources */ = {isa = PBXBuildFile; fileRef = 688B0D2C22CCF2A200D4354E /* Platform.swift */; };
		688B0D3122CCF31D00D4354E /* HyperViewManager.swift in Sources */ = {isa = PBXBuildFile; fileRef = 1856592E22B77DAF0007B0B5 /* HyperViewManager.swift */; };
		688B0D4F22CDDC8F00D4354E /* ControlEventObserver.swift in Sources */ = {isa = PBXBuildFile; fileRef = 1856593822B77DAF0007B0B5 /* ControlEventObserver.swift */; };
		B1CAE97F535F61D5DF942D5C /* Pods_Interface_Interface_iOS.framework in Frameworks */ = {isa = PBXBuildFile; fileRef = 2364F3A3646B1E60210FAE09 /* Pods_Interface_Interface_iOS.framework */; };
/* End PBXBuildFile section */

/* Begin PBXContainerItemProxy section */
		1856580622B77CB80007B0B5 /* PBXContainerItemProxy */ = {
			isa = PBXContainerItemProxy;
			containerPortal = 185657F222B77CB80007B0B5 /* Project object */;
			proxyType = 1;
			remoteGlobalIDString = 185657FA22B77CB80007B0B5;
			remoteInfo = Interface;
		};
/* End PBXContainerItemProxy section */

/* Begin PBXFileReference section */
		02D0B689BDD9A862637A1050 /* Pods-Interface-Interface-macOS.release.xcconfig */ = {isa = PBXFileReference; includeInIndex = 1; lastKnownFileType = text.xcconfig; name = "Pods-Interface-Interface-macOS.release.xcconfig"; path = "Target Support Files/Pods-Interface-Interface-macOS/Pods-Interface-Interface-macOS.release.xcconfig"; sourceTree = "<group>"; };
		185657FB22B77CB80007B0B5 /* Interface_iOS.framework */ = {isa = PBXFileReference; explicitFileType = wrapper.framework; includeInIndex = 0; path = Interface_iOS.framework; sourceTree = BUILT_PRODUCTS_DIR; };
		1856580422B77CB80007B0B5 /* InterfaceTests.xctest */ = {isa = PBXFileReference; explicitFileType = wrapper.cfbundle; includeInIndex = 0; path = InterfaceTests.xctest; sourceTree = BUILT_PRODUCTS_DIR; };
		185658F922B77DAF0007B0B5 /* Configuration+TableView.swift */ = {isa = PBXFileReference; fileEncoding = 4; lastKnownFileType = sourcecode.swift; path = "Configuration+TableView.swift"; sourceTree = "<group>"; };
		185658FA22B77DAF0007B0B5 /* ReactantTableView.swift */ = {isa = PBXFileReference; fileEncoding = 4; lastKnownFileType = sourcecode.swift; path = ReactantTableView.swift; sourceTree = "<group>"; };
		185658FB22B77DAF0007B0B5 /* Properties+TableView.swift */ = {isa = PBXFileReference; fileEncoding = 4; lastKnownFileType = sourcecode.swift; path = "Properties+TableView.swift"; sourceTree = "<group>"; };
		185658FC22B77DAF0007B0B5 /* TableViewCell.swift */ = {isa = PBXFileReference; fileEncoding = 4; lastKnownFileType = sourcecode.swift; path = TableViewCell.swift; sourceTree = "<group>"; };
		185658FE22B77DAF0007B0B5 /* TableViewHeaderFooterWrapper.swift */ = {isa = PBXFileReference; fileEncoding = 4; lastKnownFileType = sourcecode.swift; path = TableViewHeaderFooterWrapper.swift; sourceTree = "<group>"; };
		185658FF22B77DAF0007B0B5 /* TableViewCellWrapper.swift */ = {isa = PBXFileReference; fileEncoding = 4; lastKnownFileType = sourcecode.swift; path = TableViewCellWrapper.swift; sourceTree = "<group>"; };
		1856590122B77DAF0007B0B5 /* AnyTableViewHeaderFooterIdentifier.swift */ = {isa = PBXFileReference; fileEncoding = 4; lastKnownFileType = sourcecode.swift; path = AnyTableViewHeaderFooterIdentifier.swift; sourceTree = "<group>"; };
		1856590222B77DAF0007B0B5 /* AnyTableViewCellIdentifier.swift */ = {isa = PBXFileReference; fileEncoding = 4; lastKnownFileType = sourcecode.swift; path = AnyTableViewCellIdentifier.swift; sourceTree = "<group>"; };
		1856590322B77DAF0007B0B5 /* TableViewHeaderFooterIdentifier.swift */ = {isa = PBXFileReference; fileEncoding = 4; lastKnownFileType = sourcecode.swift; path = TableViewHeaderFooterIdentifier.swift; sourceTree = "<group>"; };
		1856590422B77DAF0007B0B5 /* TableViewCellIdentifier.swift */ = {isa = PBXFileReference; fileEncoding = 4; lastKnownFileType = sourcecode.swift; path = TableViewCellIdentifier.swift; sourceTree = "<group>"; };
		1856590622B77DAF0007B0B5 /* PlainTableView.swift */ = {isa = PBXFileReference; fileEncoding = 4; lastKnownFileType = sourcecode.swift; path = PlainTableView.swift; sourceTree = "<group>"; };
		1856590722B77DAF0007B0B5 /* SimpleTableView.swift */ = {isa = PBXFileReference; fileEncoding = 4; lastKnownFileType = sourcecode.swift; path = SimpleTableView.swift; sourceTree = "<group>"; };
		1856590822B77DAF0007B0B5 /* SimulatedSeparatorTableView.swift */ = {isa = PBXFileReference; fileEncoding = 4; lastKnownFileType = sourcecode.swift; path = SimulatedSeparatorTableView.swift; sourceTree = "<group>"; };
		1856590922B77DAF0007B0B5 /* FooterTableView.swift */ = {isa = PBXFileReference; fileEncoding = 4; lastKnownFileType = sourcecode.swift; path = FooterTableView.swift; sourceTree = "<group>"; };
		1856590A22B77DAF0007B0B5 /* HeaderTableView.swift */ = {isa = PBXFileReference; fileEncoding = 4; lastKnownFileType = sourcecode.swift; path = HeaderTableView.swift; sourceTree = "<group>"; };
		1856590B22B77DAF0007B0B5 /* ReactantTableView+Delegates.swift */ = {isa = PBXFileReference; fileEncoding = 4; lastKnownFileType = sourcecode.swift; path = "ReactantTableView+Delegates.swift"; sourceTree = "<group>"; };
		1856590C22B77DAF0007B0B5 /* TableViewBase.swift */ = {isa = PBXFileReference; fileEncoding = 4; lastKnownFileType = sourcecode.swift; path = TableViewBase.swift; sourceTree = "<group>"; };
		1856590D22B77DAF0007B0B5 /* TableViewState.swift */ = {isa = PBXFileReference; fileEncoding = 4; lastKnownFileType = sourcecode.swift; path = TableViewState.swift; sourceTree = "<group>"; };
		1856590F22B77DAF0007B0B5 /* Properties.swift */ = {isa = PBXFileReference; fileEncoding = 4; lastKnownFileType = sourcecode.swift; path = Properties.swift; sourceTree = "<group>"; };
		1856591022B77DAF0007B0B5 /* Property.swift */ = {isa = PBXFileReference; fileEncoding = 4; lastKnownFileType = sourcecode.swift; path = Property.swift; sourceTree = "<group>"; };
		1856591122B77DAF0007B0B5 /* Configurable.swift */ = {isa = PBXFileReference; fileEncoding = 4; lastKnownFileType = sourcecode.swift; path = Configurable.swift; sourceTree = "<group>"; };
		1856591222B77DAF0007B0B5 /* BaseSubConfiguration.swift */ = {isa = PBXFileReference; fileEncoding = 4; lastKnownFileType = sourcecode.swift; path = BaseSubConfiguration.swift; sourceTree = "<group>"; };
		1856591322B77DAF0007B0B5 /* SubConfiguration.swift */ = {isa = PBXFileReference; fileEncoding = 4; lastKnownFileType = sourcecode.swift; path = SubConfiguration.swift; sourceTree = "<group>"; };
		1856591422B77DAF0007B0B5 /* OptionalType.swift */ = {isa = PBXFileReference; fileEncoding = 4; lastKnownFileType = sourcecode.swift; path = OptionalType.swift; sourceTree = "<group>"; };
		1856591522B77DAF0007B0B5 /* Configuration+Style.swift */ = {isa = PBXFileReference; fileEncoding = 4; lastKnownFileType = sourcecode.swift; path = "Configuration+Style.swift"; sourceTree = "<group>"; };
		1856591622B77DAF0007B0B5 /* Configuration.swift */ = {isa = PBXFileReference; fileEncoding = 4; lastKnownFileType = sourcecode.swift; path = Configuration.swift; sourceTree = "<group>"; };
		1856591822B77DAF0007B0B5 /* ReactantThemeSelector.swift */ = {isa = PBXFileReference; fileEncoding = 4; lastKnownFileType = sourcecode.swift; path = ReactantThemeSelector.swift; sourceTree = "<group>"; };
		1856591A22B77DAF0007B0B5 /* Properties+Core.swift */ = {isa = PBXFileReference; fileEncoding = 4; lastKnownFileType = sourcecode.swift; path = "Properties+Core.swift"; sourceTree = "<group>"; };
		1856591B22B77DAF0007B0B5 /* Properties+Style.swift */ = {isa = PBXFileReference; fileEncoding = 4; lastKnownFileType = sourcecode.swift; path = "Properties+Style.swift"; sourceTree = "<group>"; };
		1856591C22B77DAF0007B0B5 /* Configuration+Core.swift */ = {isa = PBXFileReference; fileEncoding = 4; lastKnownFileType = sourcecode.swift; path = "Configuration+Core.swift"; sourceTree = "<group>"; };
		1856591D22B77DAF0007B0B5 /* UIButton+BackgroundColor.swift */ = {isa = PBXFileReference; fileEncoding = 4; lastKnownFileType = sourcecode.swift; path = "UIButton+BackgroundColor.swift"; sourceTree = "<group>"; };
		1856591E22B77DAF0007B0B5 /* HyperView.swift */ = {isa = PBXFileReference; fileEncoding = 4; lastKnownFileType = sourcecode.swift; path = HyperView.swift; sourceTree = "<group>"; };
		1856591F22B77DAF0007B0B5 /* NSShadow+convenienceInit.swift */ = {isa = PBXFileReference; fileEncoding = 4; lastKnownFileType = sourcecode.swift; path = "NSShadow+convenienceInit.swift"; sourceTree = "<group>"; };
		1856592222B77DAF0007B0B5 /* ConstraintAction.swift */ = {isa = PBXFileReference; fileEncoding = 4; lastKnownFileType = sourcecode.swift; path = ConstraintAction.swift; sourceTree = "<group>"; };
		1856592322B77DAF0007B0B5 /* Visibility.swift */ = {isa = PBXFileReference; fileEncoding = 4; lastKnownFileType = sourcecode.swift; path = Visibility.swift; sourceTree = "<group>"; };
		1856592422B77DAF0007B0B5 /* UIView+Visibility.swift */ = {isa = PBXFileReference; fileEncoding = 4; lastKnownFileType = sourcecode.swift; path = "UIView+Visibility.swift"; sourceTree = "<group>"; };
		1856592522B77DAF0007B0B5 /* CollapseAxis.swift */ = {isa = PBXFileReference; fileEncoding = 4; lastKnownFileType = sourcecode.swift; path = CollapseAxis.swift; sourceTree = "<group>"; };
		1856592722B77DAF0007B0B5 /* AssociatedObject.swift */ = {isa = PBXFileReference; fileEncoding = 4; lastKnownFileType = sourcecode.swift; path = AssociatedObject.swift; sourceTree = "<group>"; };
		1856592822B77DAF0007B0B5 /* Mutating.swift */ = {isa = PBXFileReference; fileEncoding = 4; lastKnownFileType = sourcecode.swift; path = Mutating.swift; sourceTree = "<group>"; };
		1856592A22B77DAF0007B0B5 /* Scrollable.swift */ = {isa = PBXFileReference; fileEncoding = 4; lastKnownFileType = sourcecode.swift; path = Scrollable.swift; sourceTree = "<group>"; };
		1856592B22B77DAF0007B0B5 /* UIScrollView+Scrollable.swift */ = {isa = PBXFileReference; fileEncoding = 4; lastKnownFileType = sourcecode.swift; path = "UIScrollView+Scrollable.swift"; sourceTree = "<group>"; };
		1856592C22B77DAF0007B0B5 /* UIView+traits.swift */ = {isa = PBXFileReference; fileEncoding = 4; lastKnownFileType = sourcecode.swift; path = "UIView+traits.swift"; sourceTree = "<group>"; };
		1856592D22B77DAF0007B0B5 /* ActionPublisher.swift */ = {isa = PBXFileReference; fileEncoding = 4; lastKnownFileType = sourcecode.swift; path = ActionPublisher.swift; sourceTree = "<group>"; };
		1856592E22B77DAF0007B0B5 /* HyperViewManager.swift */ = {isa = PBXFileReference; fileEncoding = 4; lastKnownFileType = sourcecode.swift; path = HyperViewManager.swift; sourceTree = "<group>"; };
		1856592F22B77DAF0007B0B5 /* Array+subarrays.swift */ = {isa = PBXFileReference; fileEncoding = 4; lastKnownFileType = sourcecode.swift; path = "Array+subarrays.swift"; sourceTree = "<group>"; };
		1856593122B77DAF0007B0B5 /* PickerView.swift */ = {isa = PBXFileReference; fileEncoding = 4; lastKnownFileType = sourcecode.swift; path = PickerView.swift; sourceTree = "<group>"; };
		1856593222B77DAF0007B0B5 /* TextField.swift */ = {isa = PBXFileReference; fileEncoding = 4; lastKnownFileType = sourcecode.swift; path = TextField.swift; sourceTree = "<group>"; };
		1856593322B77DAF0007B0B5 /* HyperViewState.swift */ = {isa = PBXFileReference; fileEncoding = 4; lastKnownFileType = sourcecode.swift; path = HyperViewState.swift; sourceTree = "<group>"; };
		1856593422B77DAF0007B0B5 /* ControllerRootViewContainer.swift */ = {isa = PBXFileReference; fileEncoding = 4; lastKnownFileType = sourcecode.swift; path = ControllerRootViewContainer.swift; sourceTree = "<group>"; };
		1856593622B77DAF0007B0B5 /* TextFieldActionDelegate.swift */ = {isa = PBXFileReference; fileEncoding = 4; lastKnownFileType = sourcecode.swift; path = TextFieldActionDelegate.swift; sourceTree = "<group>"; };
		1856593722B77DAF0007B0B5 /* ButtonActionDelegate.swift */ = {isa = PBXFileReference; fileEncoding = 4; lastKnownFileType = sourcecode.swift; path = ButtonActionDelegate.swift; sourceTree = "<group>"; };
		1856593822B77DAF0007B0B5 /* ControlEventObserver.swift */ = {isa = PBXFileReference; fileEncoding = 4; lastKnownFileType = sourcecode.swift; path = ControlEventObserver.swift; sourceTree = "<group>"; };
		1856593922B77DAF0007B0B5 /* ContainerView.swift */ = {isa = PBXFileReference; fileEncoding = 4; lastKnownFileType = sourcecode.swift; path = ContainerView.swift; sourceTree = "<group>"; };
		1856593A22B77DAF0007B0B5 /* HyperViewController.swift */ = {isa = PBXFileReference; fileEncoding = 4; lastKnownFileType = sourcecode.swift; path = HyperViewController.swift; sourceTree = "<group>"; };
		1856593C22B77DAF0007B0B5 /* Configuration+CollectionView.swift */ = {isa = PBXFileReference; fileEncoding = 4; lastKnownFileType = sourcecode.swift; path = "Configuration+CollectionView.swift"; sourceTree = "<group>"; };
		1856593E22B77DAF0007B0B5 /* CollectionReusableViewWrapper.swift */ = {isa = PBXFileReference; fileEncoding = 4; lastKnownFileType = sourcecode.swift; path = CollectionReusableViewWrapper.swift; sourceTree = "<group>"; };
		1856593F22B77DAF0007B0B5 /* CollectionViewCellWrapper.swift */ = {isa = PBXFileReference; fileEncoding = 4; lastKnownFileType = sourcecode.swift; path = CollectionViewCellWrapper.swift; sourceTree = "<group>"; };
		1856594022B77DAF0007B0B5 /* FlowCollectionViewBase+Delegates.swift */ = {isa = PBXFileReference; fileEncoding = 4; lastKnownFileType = sourcecode.swift; path = "FlowCollectionViewBase+Delegates.swift"; sourceTree = "<group>"; };
		1856594122B77DAF0007B0B5 /* Properties+CollectionView.swift */ = {isa = PBXFileReference; fileEncoding = 4; lastKnownFileType = sourcecode.swift; path = "Properties+CollectionView.swift"; sourceTree = "<group>"; };
		1856594222B77DAF0007B0B5 /* CollectionViewCell.swift */ = {isa = PBXFileReference; fileEncoding = 4; lastKnownFileType = sourcecode.swift; path = CollectionViewCell.swift; sourceTree = "<group>"; };
		1856594322B77DAF0007B0B5 /* FlowCollectionViewBase.swift */ = {isa = PBXFileReference; fileEncoding = 4; lastKnownFileType = sourcecode.swift; path = FlowCollectionViewBase.swift; sourceTree = "<group>"; };
		1856594422B77DAF0007B0B5 /* CollectionViewState.swift */ = {isa = PBXFileReference; fileEncoding = 4; lastKnownFileType = sourcecode.swift; path = CollectionViewState.swift; sourceTree = "<group>"; };
		1856594622B77DAF0007B0B5 /* AnyCollectionViewCellIdentifier.swift */ = {isa = PBXFileReference; fileEncoding = 4; lastKnownFileType = sourcecode.swift; path = AnyCollectionViewCellIdentifier.swift; sourceTree = "<group>"; };
		1856594722B77DAF0007B0B5 /* CollectionSupplementaryViewIdentifier.swift */ = {isa = PBXFileReference; fileEncoding = 4; lastKnownFileType = sourcecode.swift; path = CollectionSupplementaryViewIdentifier.swift; sourceTree = "<group>"; };
		1856594822B77DAF0007B0B5 /* CollectionViewCellIdentifier.swift */ = {isa = PBXFileReference; fileEncoding = 4; lastKnownFileType = sourcecode.swift; path = CollectionViewCellIdentifier.swift; sourceTree = "<group>"; };
		1856594922B77DAF0007B0B5 /* AnyCollectionSupplementaryViewIdentifier.swift */ = {isa = PBXFileReference; fileEncoding = 4; lastKnownFileType = sourcecode.swift; path = AnyCollectionSupplementaryViewIdentifier.swift; sourceTree = "<group>"; };
		1856594B22B77DAF0007B0B5 /* PagingCollectionView.swift */ = {isa = PBXFileReference; fileEncoding = 4; lastKnownFileType = sourcecode.swift; path = PagingCollectionView.swift; sourceTree = "<group>"; };
		1856594C22B77DAF0007B0B5 /* SimpleCollectionView.swift */ = {isa = PBXFileReference; fileEncoding = 4; lastKnownFileType = sourcecode.swift; path = SimpleCollectionView.swift; sourceTree = "<group>"; };
		1856594D22B77DAF0007B0B5 /* ReactantCollectionView.swift */ = {isa = PBXFileReference; fileEncoding = 4; lastKnownFileType = sourcecode.swift; path = ReactantCollectionView.swift; sourceTree = "<group>"; };
		1856594E22B77DAF0007B0B5 /* ReactantCollectionView+Delegates.swift */ = {isa = PBXFileReference; fileEncoding = 4; lastKnownFileType = sourcecode.swift; path = "ReactantCollectionView+Delegates.swift"; sourceTree = "<group>"; };
		1856594F22B77DAF0007B0B5 /* CollectionViewBase.swift */ = {isa = PBXFileReference; fileEncoding = 4; lastKnownFileType = sourcecode.swift; path = CollectionViewBase.swift; sourceTree = "<group>"; };
		1856595122B77DAF0007B0B5 /* Collection+CLLocationCoordinate2D.swift */ = {isa = PBXFileReference; fileEncoding = 4; lastKnownFileType = sourcecode.swift; path = "Collection+CLLocationCoordinate2D.swift"; sourceTree = "<group>"; };
		1856595222B77DAF0007B0B5 /* CLLocationCoordinate2D+utils.swift */ = {isa = PBXFileReference; fileEncoding = 4; lastKnownFileType = sourcecode.swift; path = "CLLocationCoordinate2D+utils.swift"; sourceTree = "<group>"; };
		1856595322B77DAF0007B0B5 /* MKCoordinateSpan+inset.swift */ = {isa = PBXFileReference; fileEncoding = 4; lastKnownFileType = sourcecode.swift; path = "MKCoordinateSpan+inset.swift"; sourceTree = "<group>"; };
		1856595422B77DAF0007B0B5 /* MKCoordinateRegion+utils.swift */ = {isa = PBXFileReference; fileEncoding = 4; lastKnownFileType = sourcecode.swift; path = "MKCoordinateRegion+utils.swift"; sourceTree = "<group>"; };
		1856595522B77DAF0007B0B5 /* StaticMap.swift */ = {isa = PBXFileReference; fileEncoding = 4; lastKnownFileType = sourcecode.swift; path = StaticMap.swift; sourceTree = "<group>"; };
		1856595822B77DAF0007B0B5 /* DialogDismissalListener.swift */ = {isa = PBXFileReference; fileEncoding = 4; lastKnownFileType = sourcecode.swift; path = DialogDismissalListener.swift; sourceTree = "<group>"; };
		1856595922B77DAF0007B0B5 /* DialogView.swift */ = {isa = PBXFileReference; fileEncoding = 4; lastKnownFileType = sourcecode.swift; path = DialogView.swift; sourceTree = "<group>"; };
		1856595A22B77DAF0007B0B5 /* DialogControllerBase.swift */ = {isa = PBXFileReference; fileEncoding = 4; lastKnownFileType = sourcecode.swift; path = DialogControllerBase.swift; sourceTree = "<group>"; };
		1856595B22B77DAF0007B0B5 /* UINavigationController+DialogDismissalListener.swift */ = {isa = PBXFileReference; fileEncoding = 4; lastKnownFileType = sourcecode.swift; path = "UINavigationController+DialogDismissalListener.swift"; sourceTree = "<group>"; };
		1856596122B77DAF0007B0B5 /* UITraitHelper.swift */ = {isa = PBXFileReference; fileEncoding = 4; lastKnownFileType = sourcecode.swift; path = UITraitHelper.swift; sourceTree = "<group>"; };
		1856596222B77DAF0007B0B5 /* ViewOrientation.swift */ = {isa = PBXFileReference; fileEncoding = 4; lastKnownFileType = sourcecode.swift; path = ViewOrientation.swift; sourceTree = "<group>"; };
		1856596622B77DAF0007B0B5 /* Interface.h */ = {isa = PBXFileReference; fileEncoding = 4; lastKnownFileType = sourcecode.c.h; path = Interface.h; sourceTree = "<group>"; };
		1856596722B77DAF0007B0B5 /* Info.plist */ = {isa = PBXFileReference; fileEncoding = 4; lastKnownFileType = text.plist.xml; path = Info.plist; sourceTree = "<group>"; };
		18565A8522B77DC00007B0B5 /* InterfaceTests.swift */ = {isa = PBXFileReference; fileEncoding = 4; lastKnownFileType = sourcecode.swift; path = InterfaceTests.swift; sourceTree = "<group>"; };
		18565A8622B77DC00007B0B5 /* Info.plist */ = {isa = PBXFileReference; fileEncoding = 4; lastKnownFileType = text.plist.xml; path = Info.plist; sourceTree = "<group>"; };
		18565A8A22B77F8C0007B0B5 /* GestureRecognizerObserver.swift */ = {isa = PBXFileReference; lastKnownFileType = sourcecode.swift; path = GestureRecognizerObserver.swift; sourceTree = "<group>"; };
		2364F3A3646B1E60210FAE09 /* Pods_Interface_Interface_iOS.framework */ = {isa = PBXFileReference; explicitFileType = wrapper.framework; includeInIndex = 0; path = Pods_Interface_Interface_iOS.framework; sourceTree = BUILT_PRODUCTS_DIR; };
		68375E4E22CE31AD008E216A /* NSTextFieldObserver.swift */ = {isa = PBXFileReference; lastKnownFileType = sourcecode.swift; path = NSTextFieldObserver.swift; sourceTree = "<group>"; };
		688B0BE622CCCC2D00D4354E /* Interface_macOS.framework */ = {isa = PBXFileReference; explicitFileType = wrapper.framework; includeInIndex = 0; path = Interface_macOS.framework; sourceTree = BUILT_PRODUCTS_DIR; };
		688B0D2C22CCF2A200D4354E /* Platform.swift */ = {isa = PBXFileReference; lastKnownFileType = sourcecode.swift; path = Platform.swift; sourceTree = "<group>"; };
		8A9B8C61294483F8C5107867 /* Pods-Interface-Interface-iOS.debug.xcconfig */ = {isa = PBXFileReference; includeInIndex = 1; lastKnownFileType = text.xcconfig; name = "Pods-Interface-Interface-iOS.debug.xcconfig"; path = "Target Support Files/Pods-Interface-Interface-iOS/Pods-Interface-Interface-iOS.debug.xcconfig"; sourceTree = "<group>"; };
		ABE2FEF980CBD045D65AECD6 /* Pods-Interface-Interface-iOS.release.xcconfig */ = {isa = PBXFileReference; includeInIndex = 1; lastKnownFileType = text.xcconfig; name = "Pods-Interface-Interface-iOS.release.xcconfig"; path = "Target Support Files/Pods-Interface-Interface-iOS/Pods-Interface-Interface-iOS.release.xcconfig"; sourceTree = "<group>"; };
		B31CDC3568A0B019761637E0 /* Pods_Interface_Interface_macOS.framework */ = {isa = PBXFileReference; explicitFileType = wrapper.framework; includeInIndex = 0; path = Pods_Interface_Interface_macOS.framework; sourceTree = BUILT_PRODUCTS_DIR; };
		B702AE61D1B5257E212724BF /* Pods-Interface-Interface-macOS.debug.xcconfig */ = {isa = PBXFileReference; includeInIndex = 1; lastKnownFileType = text.xcconfig; name = "Pods-Interface-Interface-macOS.debug.xcconfig"; path = "Target Support Files/Pods-Interface-Interface-macOS/Pods-Interface-Interface-macOS.debug.xcconfig"; sourceTree = "<group>"; };
/* End PBXFileReference section */

/* Begin PBXFrameworksBuildPhase section */
		185657F822B77CB80007B0B5 /* Frameworks */ = {
			isa = PBXFrameworksBuildPhase;
			buildActionMask = 2147483647;
			files = (
				01AAF87A47FB7357DC2549A7 /* Pods_Interface_Interface_iOS.framework in Frameworks */,
				B1CAE97F535F61D5DF942D5C /* Pods_Interface_Interface_iOS.framework in Frameworks */,
			);
			runOnlyForDeploymentPostprocessing = 0;
		};
		1856580122B77CB80007B0B5 /* Frameworks */ = {
			isa = PBXFrameworksBuildPhase;
			buildActionMask = 2147483647;
			files = (
				1856580522B77CB80007B0B5 /* Interface_iOS.framework in Frameworks */,
			);
			runOnlyForDeploymentPostprocessing = 0;
		};
		688B0BE022CCCC2D00D4354E /* Frameworks */ = {
			isa = PBXFrameworksBuildPhase;
			buildActionMask = 2147483647;
			files = (
				4CB68D128F15BBC8EFDDAABE /* Pods_Interface_Interface_macOS.framework in Frameworks */,
			);
			runOnlyForDeploymentPostprocessing = 0;
		};
/* End PBXFrameworksBuildPhase section */

/* Begin PBXGroup section */
		185657F122B77CB80007B0B5 = {
			isa = PBXGroup;
			children = (
				1856581522B77DAF0007B0B5 /* Sources */,
				1856596522B77DAF0007B0B5 /* Resources */,
				18565A8422B77DC00007B0B5 /* Tests */,
				185657FC22B77CB80007B0B5 /* Products */,
				EF627606CACE1EC000174ED0 /* Pods */,
				3555554B0C8C5BCFAEB22AB2 /* Frameworks */,
			);
			sourceTree = "<group>";
		};
		185657FC22B77CB80007B0B5 /* Products */ = {
			isa = PBXGroup;
			children = (
				185657FB22B77CB80007B0B5 /* Interface_iOS.framework */,
				1856580422B77CB80007B0B5 /* InterfaceTests.xctest */,
				688B0BE622CCCC2D00D4354E /* Interface_macOS.framework */,
			);
			name = Products;
			sourceTree = "<group>";
		};
		1856581522B77DAF0007B0B5 /* Sources */ = {
			isa = PBXGroup;
			children = (
				185658F722B77DAF0007B0B5 /* Runtime */,
				1856596022B77DAF0007B0B5 /* Common */,
			);
			path = Sources;
			sourceTree = "<group>";
		};
		185658F722B77DAF0007B0B5 /* Runtime */ = {
			isa = PBXGroup;
			children = (
				185658F822B77DAF0007B0B5 /* TableView */,
				1856590E22B77DAF0007B0B5 /* Configuration */,
				1856591722B77DAF0007B0B5 /* Core */,
				1856593B22B77DAF0007B0B5 /* CollectionView */,
				1856595022B77DAF0007B0B5 /* StaticMap */,
				1856595622B77DAF0007B0B5 /* Extensions */,
				1856595722B77DAF0007B0B5 /* Dialog */,
			);
			path = Runtime;
			sourceTree = "<group>";
		};
		185658F822B77DAF0007B0B5 /* TableView */ = {
			isa = PBXGroup;
			children = (
				185658F922B77DAF0007B0B5 /* Configuration+TableView.swift */,
				185658FA22B77DAF0007B0B5 /* ReactantTableView.swift */,
				185658FB22B77DAF0007B0B5 /* Properties+TableView.swift */,
				185658FC22B77DAF0007B0B5 /* TableViewCell.swift */,
				185658FD22B77DAF0007B0B5 /* Internal */,
				1856590022B77DAF0007B0B5 /* Identifier */,
				1856590522B77DAF0007B0B5 /* Implementation */,
				1856590B22B77DAF0007B0B5 /* ReactantTableView+Delegates.swift */,
				1856590C22B77DAF0007B0B5 /* TableViewBase.swift */,
				1856590D22B77DAF0007B0B5 /* TableViewState.swift */,
			);
			path = TableView;
			sourceTree = "<group>";
		};
		185658FD22B77DAF0007B0B5 /* Internal */ = {
			isa = PBXGroup;
			children = (
				185658FE22B77DAF0007B0B5 /* TableViewHeaderFooterWrapper.swift */,
				185658FF22B77DAF0007B0B5 /* TableViewCellWrapper.swift */,
			);
			path = Internal;
			sourceTree = "<group>";
		};
		1856590022B77DAF0007B0B5 /* Identifier */ = {
			isa = PBXGroup;
			children = (
				1856590122B77DAF0007B0B5 /* AnyTableViewHeaderFooterIdentifier.swift */,
				1856590222B77DAF0007B0B5 /* AnyTableViewCellIdentifier.swift */,
				1856590322B77DAF0007B0B5 /* TableViewHeaderFooterIdentifier.swift */,
				1856590422B77DAF0007B0B5 /* TableViewCellIdentifier.swift */,
			);
			path = Identifier;
			sourceTree = "<group>";
		};
		1856590522B77DAF0007B0B5 /* Implementation */ = {
			isa = PBXGroup;
			children = (
				1856590622B77DAF0007B0B5 /* PlainTableView.swift */,
				1856590722B77DAF0007B0B5 /* SimpleTableView.swift */,
				1856590822B77DAF0007B0B5 /* SimulatedSeparatorTableView.swift */,
				1856590922B77DAF0007B0B5 /* FooterTableView.swift */,
				1856590A22B77DAF0007B0B5 /* HeaderTableView.swift */,
			);
			path = Implementation;
			sourceTree = "<group>";
		};
		1856590E22B77DAF0007B0B5 /* Configuration */ = {
			isa = PBXGroup;
			children = (
				1856590F22B77DAF0007B0B5 /* Properties.swift */,
				1856591022B77DAF0007B0B5 /* Property.swift */,
				1856591122B77DAF0007B0B5 /* Configurable.swift */,
				1856591222B77DAF0007B0B5 /* BaseSubConfiguration.swift */,
				1856591322B77DAF0007B0B5 /* SubConfiguration.swift */,
				1856591422B77DAF0007B0B5 /* OptionalType.swift */,
				1856591522B77DAF0007B0B5 /* Configuration+Style.swift */,
				1856591622B77DAF0007B0B5 /* Configuration.swift */,
			);
			path = Configuration;
			sourceTree = "<group>";
		};
		1856591722B77DAF0007B0B5 /* Core */ = {
			isa = PBXGroup;
			children = (
				18565A8922B77F730007B0B5 /* Observers */,
				1856591922B77DAF0007B0B5 /* Configuration */,
				1856593522B77DAF0007B0B5 /* Delegates */,
				1856592022B77DAF0007B0B5 /* Utils */,
				1856593022B77DAF0007B0B5 /* View */,
				1856592D22B77DAF0007B0B5 /* ActionPublisher.swift */,
				1856592F22B77DAF0007B0B5 /* Array+subarrays.swift */,
				1856593922B77DAF0007B0B5 /* ContainerView.swift */,
				1856593422B77DAF0007B0B5 /* ControllerRootViewContainer.swift */,
				1856591E22B77DAF0007B0B5 /* HyperView.swift */,
				1856593A22B77DAF0007B0B5 /* HyperViewController.swift */,
				1856592E22B77DAF0007B0B5 /* HyperViewManager.swift */,
				1856593322B77DAF0007B0B5 /* HyperViewState.swift */,
				1856591F22B77DAF0007B0B5 /* NSShadow+convenienceInit.swift */,
				1856591822B77DAF0007B0B5 /* ReactantThemeSelector.swift */,
				1856591D22B77DAF0007B0B5 /* UIButton+BackgroundColor.swift */,
				1856592C22B77DAF0007B0B5 /* UIView+traits.swift */,
			);
			path = Core;
			sourceTree = "<group>";
		};
		1856591922B77DAF0007B0B5 /* Configuration */ = {
			isa = PBXGroup;
			children = (
				1856591A22B77DAF0007B0B5 /* Properties+Core.swift */,
				1856591B22B77DAF0007B0B5 /* Properties+Style.swift */,
				1856591C22B77DAF0007B0B5 /* Configuration+Core.swift */,
			);
			path = Configuration;
			sourceTree = "<group>";
		};
		1856592022B77DAF0007B0B5 /* Utils */ = {
			isa = PBXGroup;
			children = (
				1856592122B77DAF0007B0B5 /* Visibility */,
				1856592622B77DAF0007B0B5 /* Internal */,
				1856592922B77DAF0007B0B5 /* Scrollable */,
				688B0D2C22CCF2A200D4354E /* Platform.swift */,
			);
			path = Utils;
			sourceTree = "<group>";
		};
		1856592122B77DAF0007B0B5 /* Visibility */ = {
			isa = PBXGroup;
			children = (
				1856592222B77DAF0007B0B5 /* ConstraintAction.swift */,
				1856592322B77DAF0007B0B5 /* Visibility.swift */,
				1856592422B77DAF0007B0B5 /* UIView+Visibility.swift */,
				1856592522B77DAF0007B0B5 /* CollapseAxis.swift */,
			);
			path = Visibility;
			sourceTree = "<group>";
		};
		1856592622B77DAF0007B0B5 /* Internal */ = {
			isa = PBXGroup;
			children = (
				1856592722B77DAF0007B0B5 /* AssociatedObject.swift */,
				1856592822B77DAF0007B0B5 /* Mutating.swift */,
			);
			path = Internal;
			sourceTree = "<group>";
		};
		1856592922B77DAF0007B0B5 /* Scrollable */ = {
			isa = PBXGroup;
			children = (
				1856592A22B77DAF0007B0B5 /* Scrollable.swift */,
				1856592B22B77DAF0007B0B5 /* UIScrollView+Scrollable.swift */,
			);
			path = Scrollable;
			sourceTree = "<group>";
		};
		1856593022B77DAF0007B0B5 /* View */ = {
			isa = PBXGroup;
			children = (
				1856593122B77DAF0007B0B5 /* PickerView.swift */,
				1856593222B77DAF0007B0B5 /* TextField.swift */,
			);
			path = View;
			sourceTree = "<group>";
		};
		1856593522B77DAF0007B0B5 /* Delegates */ = {
			isa = PBXGroup;
			children = (
				1856593622B77DAF0007B0B5 /* TextFieldActionDelegate.swift */,
				1856593722B77DAF0007B0B5 /* ButtonActionDelegate.swift */,
			);
			path = Delegates;
			sourceTree = "<group>";
		};
		1856593B22B77DAF0007B0B5 /* CollectionView */ = {
			isa = PBXGroup;
			children = (
				1856593C22B77DAF0007B0B5 /* Configuration+CollectionView.swift */,
				1856593D22B77DAF0007B0B5 /* Internal */,
				1856594022B77DAF0007B0B5 /* FlowCollectionViewBase+Delegates.swift */,
				1856594122B77DAF0007B0B5 /* Properties+CollectionView.swift */,
				1856594222B77DAF0007B0B5 /* CollectionViewCell.swift */,
				1856594322B77DAF0007B0B5 /* FlowCollectionViewBase.swift */,
				1856594422B77DAF0007B0B5 /* CollectionViewState.swift */,
				1856594522B77DAF0007B0B5 /* Identifier */,
				1856594A22B77DAF0007B0B5 /* Implementation */,
				1856594D22B77DAF0007B0B5 /* ReactantCollectionView.swift */,
				1856594E22B77DAF0007B0B5 /* ReactantCollectionView+Delegates.swift */,
				1856594F22B77DAF0007B0B5 /* CollectionViewBase.swift */,
			);
			path = CollectionView;
			sourceTree = "<group>";
		};
		1856593D22B77DAF0007B0B5 /* Internal */ = {
			isa = PBXGroup;
			children = (
				1856593E22B77DAF0007B0B5 /* CollectionReusableViewWrapper.swift */,
				1856593F22B77DAF0007B0B5 /* CollectionViewCellWrapper.swift */,
			);
			path = Internal;
			sourceTree = "<group>";
		};
		1856594522B77DAF0007B0B5 /* Identifier */ = {
			isa = PBXGroup;
			children = (
				1856594622B77DAF0007B0B5 /* AnyCollectionViewCellIdentifier.swift */,
				1856594722B77DAF0007B0B5 /* CollectionSupplementaryViewIdentifier.swift */,
				1856594822B77DAF0007B0B5 /* CollectionViewCellIdentifier.swift */,
				1856594922B77DAF0007B0B5 /* AnyCollectionSupplementaryViewIdentifier.swift */,
			);
			path = Identifier;
			sourceTree = "<group>";
		};
		1856594A22B77DAF0007B0B5 /* Implementation */ = {
			isa = PBXGroup;
			children = (
				1856594B22B77DAF0007B0B5 /* PagingCollectionView.swift */,
				1856594C22B77DAF0007B0B5 /* SimpleCollectionView.swift */,
			);
			path = Implementation;
			sourceTree = "<group>";
		};
		1856595022B77DAF0007B0B5 /* StaticMap */ = {
			isa = PBXGroup;
			children = (
				1856595122B77DAF0007B0B5 /* Collection+CLLocationCoordinate2D.swift */,
				1856595222B77DAF0007B0B5 /* CLLocationCoordinate2D+utils.swift */,
				1856595322B77DAF0007B0B5 /* MKCoordinateSpan+inset.swift */,
				1856595422B77DAF0007B0B5 /* MKCoordinateRegion+utils.swift */,
				1856595522B77DAF0007B0B5 /* StaticMap.swift */,
			);
			path = StaticMap;
			sourceTree = "<group>";
		};
		1856595622B77DAF0007B0B5 /* Extensions */ = {
			isa = PBXGroup;
			children = (
			);
			path = Extensions;
			sourceTree = "<group>";
		};
		1856595722B77DAF0007B0B5 /* Dialog */ = {
			isa = PBXGroup;
			children = (
				1856595822B77DAF0007B0B5 /* DialogDismissalListener.swift */,
				1856595922B77DAF0007B0B5 /* DialogView.swift */,
				1856595A22B77DAF0007B0B5 /* DialogControllerBase.swift */,
				1856595B22B77DAF0007B0B5 /* UINavigationController+DialogDismissalListener.swift */,
			);
			path = Dialog;
			sourceTree = "<group>";
		};
		1856596022B77DAF0007B0B5 /* Common */ = {
			isa = PBXGroup;
			children = (
				1856596122B77DAF0007B0B5 /* UITraitHelper.swift */,
				1856596222B77DAF0007B0B5 /* ViewOrientation.swift */,
			);
			path = Common;
			sourceTree = "<group>";
		};
		1856596522B77DAF0007B0B5 /* Resources */ = {
			isa = PBXGroup;
			children = (
				1856596622B77DAF0007B0B5 /* Interface.h */,
				1856596722B77DAF0007B0B5 /* Info.plist */,
			);
			path = Resources;
			sourceTree = "<group>";
		};
		18565A8422B77DC00007B0B5 /* Tests */ = {
			isa = PBXGroup;
			children = (
				18565A8522B77DC00007B0B5 /* InterfaceTests.swift */,
				18565A8622B77DC00007B0B5 /* Info.plist */,
			);
			path = Tests;
			sourceTree = "<group>";
		};
		18565A8922B77F730007B0B5 /* Observers */ = {
			isa = PBXGroup;
			children = (
				1856593822B77DAF0007B0B5 /* ControlEventObserver.swift */,
				18565A8A22B77F8C0007B0B5 /* GestureRecognizerObserver.swift */,
				68375E4E22CE31AD008E216A /* NSTextFieldObserver.swift */,
			);
			path = Observers;
			sourceTree = "<group>";
		};
		3555554B0C8C5BCFAEB22AB2 /* Frameworks */ = {
			isa = PBXGroup;
			children = (
				2364F3A3646B1E60210FAE09 /* Pods_Interface_Interface_iOS.framework */,
				B31CDC3568A0B019761637E0 /* Pods_Interface_Interface_macOS.framework */,
			);
			name = Frameworks;
			sourceTree = "<group>";
		};
		EF627606CACE1EC000174ED0 /* Pods */ = {
			isa = PBXGroup;
			children = (
				8A9B8C61294483F8C5107867 /* Pods-Interface-Interface-iOS.debug.xcconfig */,
				ABE2FEF980CBD045D65AECD6 /* Pods-Interface-Interface-iOS.release.xcconfig */,
				B702AE61D1B5257E212724BF /* Pods-Interface-Interface-macOS.debug.xcconfig */,
				02D0B689BDD9A862637A1050 /* Pods-Interface-Interface-macOS.release.xcconfig */,
			);
			name = Pods;
			path = ../Pods;
			sourceTree = "<group>";
		};
/* End PBXGroup section */

/* Begin PBXHeadersBuildPhase section */
		185657F622B77CB80007B0B5 /* Headers */ = {
			isa = PBXHeadersBuildPhase;
			buildActionMask = 2147483647;
			files = (
				18565A8222B77DB00007B0B5 /* Interface.h in Headers */,
			);
			runOnlyForDeploymentPostprocessing = 0;
		};
		688B0B8A22CCCC2D00D4354E /* Headers */ = {
			isa = PBXHeadersBuildPhase;
			buildActionMask = 2147483647;
			files = (
				688B0B8B22CCCC2D00D4354E /* Interface.h in Headers */,
			);
			runOnlyForDeploymentPostprocessing = 0;
		};
/* End PBXHeadersBuildPhase section */

/* Begin PBXNativeTarget section */
		185657FA22B77CB80007B0B5 /* Interface-iOS */ = {
			isa = PBXNativeTarget;
			buildConfigurationList = 1856580F22B77CB80007B0B5 /* Build configuration list for PBXNativeTarget "Interface-iOS" */;
			buildPhases = (
				9A507895C8C3F86D14835ACE /* [CP] Check Pods Manifest.lock */,
				185657F622B77CB80007B0B5 /* Headers */,
				185657F722B77CB80007B0B5 /* Sources */,
				185657F822B77CB80007B0B5 /* Frameworks */,
				185657F922B77CB80007B0B5 /* Resources */,
			);
			buildRules = (
			);
			dependencies = (
			);
			name = "Interface-iOS";
			productName = Interface;
			productReference = 185657FB22B77CB80007B0B5 /* Interface_iOS.framework */;
			productType = "com.apple.product-type.framework";
		};
		1856580322B77CB80007B0B5 /* InterfaceTests */ = {
			isa = PBXNativeTarget;
			buildConfigurationList = 1856581222B77CB80007B0B5 /* Build configuration list for PBXNativeTarget "InterfaceTests" */;
			buildPhases = (
				1856580022B77CB80007B0B5 /* Sources */,
				1856580122B77CB80007B0B5 /* Frameworks */,
				1856580222B77CB80007B0B5 /* Resources */,
			);
			buildRules = (
			);
			dependencies = (
				1856580722B77CB80007B0B5 /* PBXTargetDependency */,
			);
			name = InterfaceTests;
			productName = InterfaceTests;
			productReference = 1856580422B77CB80007B0B5 /* InterfaceTests.xctest */;
			productType = "com.apple.product-type.bundle.unit-test";
		};
		688B0B8822CCCC2D00D4354E /* Interface-macOS */ = {
			isa = PBXNativeTarget;
			buildConfigurationList = 688B0BE322CCCC2D00D4354E /* Build configuration list for PBXNativeTarget "Interface-macOS" */;
			buildPhases = (
				B7B6B9896AF2BE174107A609 /* [CP] Check Pods Manifest.lock */,
				688B0B8A22CCCC2D00D4354E /* Headers */,
				688B0B8C22CCCC2D00D4354E /* Sources */,
				688B0BE022CCCC2D00D4354E /* Frameworks */,
				688B0BE222CCCC2D00D4354E /* Resources */,
			);
			buildRules = (
			);
			dependencies = (
			);
			name = "Interface-macOS";
			productName = Interface;
			productReference = 688B0BE622CCCC2D00D4354E /* Interface_macOS.framework */;
			productType = "com.apple.product-type.framework";
		};
/* End PBXNativeTarget section */

/* Begin PBXProject section */
		185657F222B77CB80007B0B5 /* Project object */ = {
			isa = PBXProject;
			attributes = {
				LastSwiftUpdateCheck = 1020;
				LastUpgradeCheck = 1020;
				ORGANIZATIONNAME = Brightify;
				TargetAttributes = {
					185657FA22B77CB80007B0B5 = {
						CreatedOnToolsVersion = 10.2.1;
					};
					1856580322B77CB80007B0B5 = {
						CreatedOnToolsVersion = 10.2.1;
					};
				};
			};
			buildConfigurationList = 185657F522B77CB80007B0B5 /* Build configuration list for PBXProject "Interface" */;
			compatibilityVersion = "Xcode 9.3";
			developmentRegion = en;
			hasScannedForEncodings = 0;
			knownRegions = (
				en,
			);
			mainGroup = 185657F122B77CB80007B0B5;
			productRefGroup = 185657FC22B77CB80007B0B5 /* Products */;
			projectDirPath = "";
			projectRoot = "";
			targets = (
				185657FA22B77CB80007B0B5 /* Interface-iOS */,
				688B0B8822CCCC2D00D4354E /* Interface-macOS */,
				1856580322B77CB80007B0B5 /* InterfaceTests */,
			);
		};
/* End PBXProject section */

/* Begin PBXResourcesBuildPhase section */
		185657F922B77CB80007B0B5 /* Resources */ = {
			isa = PBXResourcesBuildPhase;
			buildActionMask = 2147483647;
			files = (
			);
			runOnlyForDeploymentPostprocessing = 0;
		};
		1856580222B77CB80007B0B5 /* Resources */ = {
			isa = PBXResourcesBuildPhase;
			buildActionMask = 2147483647;
			files = (
			);
			runOnlyForDeploymentPostprocessing = 0;
		};
		688B0BE222CCCC2D00D4354E /* Resources */ = {
			isa = PBXResourcesBuildPhase;
			buildActionMask = 2147483647;
			files = (
			);
			runOnlyForDeploymentPostprocessing = 0;
		};
/* End PBXResourcesBuildPhase section */

/* Begin PBXShellScriptBuildPhase section */
		9A507895C8C3F86D14835ACE /* [CP] Check Pods Manifest.lock */ = {
			isa = PBXShellScriptBuildPhase;
			buildActionMask = 2147483647;
			files = (
			);
			inputFileListPaths = (
			);
			inputPaths = (
				"${PODS_PODFILE_DIR_PATH}/Podfile.lock",
				"${PODS_ROOT}/Manifest.lock",
			);
			name = "[CP] Check Pods Manifest.lock";
			outputFileListPaths = (
			);
			outputPaths = (
				"$(DERIVED_FILE_DIR)/Pods-Interface-Interface-iOS-checkManifestLockResult.txt",
			);
			runOnlyForDeploymentPostprocessing = 0;
			shellPath = /bin/sh;
			shellScript = "diff \"${PODS_PODFILE_DIR_PATH}/Podfile.lock\" \"${PODS_ROOT}/Manifest.lock\" > /dev/null\nif [ $? != 0 ] ; then\n    # print error to STDERR\n    echo \"error: The sandbox is not in sync with the Podfile.lock. Run 'pod install' or update your CocoaPods installation.\" >&2\n    exit 1\nfi\n# This output is used by Xcode 'outputs' to avoid re-running this script phase.\necho \"SUCCESS\" > \"${SCRIPT_OUTPUT_FILE_0}\"\n";
			showEnvVarsInLog = 0;
		};
		B7B6B9896AF2BE174107A609 /* [CP] Check Pods Manifest.lock */ = {
			isa = PBXShellScriptBuildPhase;
			buildActionMask = 2147483647;
			files = (
			);
			inputFileListPaths = (
			);
			inputPaths = (
				"${PODS_PODFILE_DIR_PATH}/Podfile.lock",
				"${PODS_ROOT}/Manifest.lock",
			);
			name = "[CP] Check Pods Manifest.lock";
			outputFileListPaths = (
			);
			outputPaths = (
				"$(DERIVED_FILE_DIR)/Pods-Interface-Interface-macOS-checkManifestLockResult.txt",
			);
			runOnlyForDeploymentPostprocessing = 0;
			shellPath = /bin/sh;
			shellScript = "diff \"${PODS_PODFILE_DIR_PATH}/Podfile.lock\" \"${PODS_ROOT}/Manifest.lock\" > /dev/null\nif [ $? != 0 ] ; then\n    # print error to STDERR\n    echo \"error: The sandbox is not in sync with the Podfile.lock. Run 'pod install' or update your CocoaPods installation.\" >&2\n    exit 1\nfi\n# This output is used by Xcode 'outputs' to avoid re-running this script phase.\necho \"SUCCESS\" > \"${SCRIPT_OUTPUT_FILE_0}\"\n";
			showEnvVarsInLog = 0;
		};
/* End PBXShellScriptBuildPhase section */

/* Begin PBXSourcesBuildPhase section */
		185657F722B77CB80007B0B5 /* Sources */ = {
			isa = PBXSourcesBuildPhase;
			buildActionMask = 2147483647;
			files = (
				18565A8022B77DB00007B0B5 /* ViewOrientation.swift in Sources */,
				18565A4D22B77DB00007B0B5 /* ConstraintAction.swift in Sources */,
				18565A5022B77DB00007B0B5 /* CollapseAxis.swift in Sources */,
				18565A4822B77DB00007B0B5 /* Properties+Style.swift in Sources */,
				18565A7522B77DB00007B0B5 /* MKCoordinateSpan+inset.swift in Sources */,
				18565A7422B77DB00007B0B5 /* CLLocationCoordinate2D+utils.swift in Sources */,
				18565A5D22B77DB00007B0B5 /* TextFieldActionDelegate.swift in Sources */,
				18565A4E22B77DB00007B0B5 /* Visibility.swift in Sources */,
				18565A3722B77DB00007B0B5 /* SimpleTableView.swift in Sources */,
				18565A5322B77DB00007B0B5 /* Scrollable.swift in Sources */,
				18565A6822B77DB00007B0B5 /* FlowCollectionViewBase.swift in Sources */,
				18565A6D22B77DB00007B0B5 /* AnyCollectionSupplementaryViewIdentifier.swift in Sources */,
				18565A4722B77DB00007B0B5 /* Properties+Core.swift in Sources */,
				18565A7722B77DB00007B0B5 /* StaticMap.swift in Sources */,
				18565A4A22B77DB00007B0B5 /* UIButton+BackgroundColor.swift in Sources */,
				18565A7F22B77DB00007B0B5 /* UITraitHelper.swift in Sources */,
				18565A7322B77DB00007B0B5 /* Collection+CLLocationCoordinate2D.swift in Sources */,
				18565A5522B77DB00007B0B5 /* UIView+traits.swift in Sources */,
				18565A5922B77DB00007B0B5 /* PickerView.swift in Sources */,
				18565A6B22B77DB00007B0B5 /* CollectionSupplementaryViewIdentifier.swift in Sources */,
				18565A6022B77DB00007B0B5 /* ContainerView.swift in Sources */,
				18565A6322B77DB00007B0B5 /* CollectionReusableViewWrapper.swift in Sources */,
				18565A6C22B77DB00007B0B5 /* CollectionViewCellIdentifier.swift in Sources */,
				18565A6522B77DB00007B0B5 /* FlowCollectionViewBase+Delegates.swift in Sources */,
				18565A3F22B77DB00007B0B5 /* Property.swift in Sources */,
				18565A2E22B77DB00007B0B5 /* Properties+TableView.swift in Sources */,
				18565A6122B77DB00007B0B5 /* HyperViewController.swift in Sources */,
				18565A4922B77DB00007B0B5 /* Configuration+Core.swift in Sources */,
				18565A4022B77DB00007B0B5 /* Configurable.swift in Sources */,
				18565A8B22B77F8C0007B0B5 /* GestureRecognizerObserver.swift in Sources */,
				18565A4C22B77DB00007B0B5 /* NSShadow+convenienceInit.swift in Sources */,
				18565A5B22B77DB00007B0B5 /* HyperViewState.swift in Sources */,
				18565A5F22B77DB00007B0B5 /* ControlEventObserver.swift in Sources */,
				18565A6222B77DB00007B0B5 /* Configuration+CollectionView.swift in Sources */,
				18565A7022B77DB00007B0B5 /* ReactantCollectionView.swift in Sources */,
				18565A7622B77DB00007B0B5 /* MKCoordinateRegion+utils.swift in Sources */,
				18565A3A22B77DB00007B0B5 /* HeaderTableView.swift in Sources */,
				18565A6422B77DB00007B0B5 /* CollectionViewCellWrapper.swift in Sources */,
				18565A5E22B77DB00007B0B5 /* ButtonActionDelegate.swift in Sources */,
				18565A3422B77DB00007B0B5 /* TableViewHeaderFooterIdentifier.swift in Sources */,
				18565A4B22B77DB00007B0B5 /* HyperView.swift in Sources */,
				18565A3022B77DB00007B0B5 /* TableViewHeaderFooterWrapper.swift in Sources */,
				688B0D2D22CCF2A300D4354E /* Platform.swift in Sources */,
				18565A5722B77DB00007B0B5 /* HyperViewManager.swift in Sources */,
				18565A3622B77DB00007B0B5 /* PlainTableView.swift in Sources */,
				18565A7922B77DB00007B0B5 /* DialogView.swift in Sources */,
				18565A7222B77DB00007B0B5 /* CollectionViewBase.swift in Sources */,
				18565A5822B77DB00007B0B5 /* Array+subarrays.swift in Sources */,
				18565A6722B77DB00007B0B5 /* CollectionViewCell.swift in Sources */,
				18565A5C22B77DB00007B0B5 /* ControllerRootViewContainer.swift in Sources */,
				18565A7122B77DB00007B0B5 /* ReactantCollectionView+Delegates.swift in Sources */,
				18565A5A22B77DB00007B0B5 /* TextField.swift in Sources */,
				18565A7822B77DB00007B0B5 /* DialogDismissalListener.swift in Sources */,
				18565A3922B77DB00007B0B5 /* FooterTableView.swift in Sources */,
				18565A3822B77DB00007B0B5 /* SimulatedSeparatorTableView.swift in Sources */,
				18565A4222B77DB00007B0B5 /* SubConfiguration.swift in Sources */,
				18565A7A22B77DB00007B0B5 /* DialogControllerBase.swift in Sources */,
				18565A3E22B77DB00007B0B5 /* Properties.swift in Sources */,
				18565A5222B77DB00007B0B5 /* Mutating.swift in Sources */,
				18565A5122B77DB00007B0B5 /* AssociatedObject.swift in Sources */,
				18565A3C22B77DB00007B0B5 /* TableViewBase.swift in Sources */,
				18565A2F22B77DB00007B0B5 /* TableViewCell.swift in Sources */,
				18565A5422B77DB00007B0B5 /* UIScrollView+Scrollable.swift in Sources */,
				18565A4422B77DB00007B0B5 /* Configuration+Style.swift in Sources */,
				18565A6E22B77DB00007B0B5 /* PagingCollectionView.swift in Sources */,
				18565A3122B77DB00007B0B5 /* TableViewCellWrapper.swift in Sources */,
				18565A6622B77DB00007B0B5 /* Properties+CollectionView.swift in Sources */,
				18565A7B22B77DB00007B0B5 /* UINavigationController+DialogDismissalListener.swift in Sources */,
				18565A4522B77DB00007B0B5 /* Configuration.swift in Sources */,
				18565A3522B77DB00007B0B5 /* TableViewCellIdentifier.swift in Sources */,
				18565A3322B77DB00007B0B5 /* AnyTableViewCellIdentifier.swift in Sources */,
				18565A4322B77DB00007B0B5 /* OptionalType.swift in Sources */,
				18565A4622B77DB00007B0B5 /* ReactantThemeSelector.swift in Sources */,
				18565A5622B77DB00007B0B5 /* ActionPublisher.swift in Sources */,
				18565A6922B77DB00007B0B5 /* CollectionViewState.swift in Sources */,
				18565A6A22B77DB00007B0B5 /* AnyCollectionViewCellIdentifier.swift in Sources */,
				18565A4F22B77DB00007B0B5 /* UIView+Visibility.swift in Sources */,
				18565A3B22B77DB00007B0B5 /* ReactantTableView+Delegates.swift in Sources */,
				18565A2D22B77DB00007B0B5 /* ReactantTableView.swift in Sources */,
				18565A4122B77DB00007B0B5 /* BaseSubConfiguration.swift in Sources */,
				18565A3222B77DB00007B0B5 /* AnyTableViewHeaderFooterIdentifier.swift in Sources */,
				18565A2C22B77DB00007B0B5 /* Configuration+TableView.swift in Sources */,
				18565A3D22B77DB00007B0B5 /* TableViewState.swift in Sources */,
				18565A6F22B77DB00007B0B5 /* SimpleCollectionView.swift in Sources */,
			);
			runOnlyForDeploymentPostprocessing = 0;
		};
		1856580022B77CB80007B0B5 /* Sources */ = {
			isa = PBXSourcesBuildPhase;
			buildActionMask = 2147483647;
			files = (
				18565A8722B77DC00007B0B5 /* InterfaceTests.swift in Sources */,
			);
			runOnlyForDeploymentPostprocessing = 0;
		};
		688B0B8C22CCCC2D00D4354E /* Sources */ = {
			isa = PBXSourcesBuildPhase;
			buildActionMask = 2147483647;
			files = (
				688B0C5522CCD7AE00D4354E /* NSShadow+convenienceInit.swift in Sources */,
				688B0C5022CCD45000D4354E /* Property.swift in Sources */,
				688B0D2B22CCF1D000D4354E /* HyperViewController.swift in Sources */,
				688B0B8D22CCCC2D00D4354E /* ViewOrientation.swift in Sources */,
				688B0D4F22CDDC8F00D4354E /* ControlEventObserver.swift in Sources */,
				688B0B8E22CCCC2D00D4354E /* ConstraintAction.swift in Sources */,
				688B0B9122CCCC2D00D4354E /* MKCoordinateSpan+inset.swift in Sources */,
				688B0B9622CCCC2D00D4354E /* Scrollable.swift in Sources */,
				688B0C5222CCD6AC00D4354E /* Properties+Style.swift in Sources */,
				688B0B9D22CCCC2D00D4354E /* Collection+CLLocationCoordinate2D.swift in Sources */,
				688B0BA922CCCC2D00D4354E /* Configurable.swift in Sources */,
				688B0BAC22CCCC2D00D4354E /* HyperViewState.swift in Sources */,
				688B0BB022CCCC2D00D4354E /* MKCoordinateRegion+utils.swift in Sources */,
				688B0BB522CCCC2D00D4354E /* HyperView.swift in Sources */,
				688B0BBB22CCCC2D00D4354E /* Array+subarrays.swift in Sources */,
				688B0BC022CCCC2D00D4354E /* DialogDismissalListener.swift in Sources */,
				688B0BC322CCCC2D00D4354E /* SubConfiguration.swift in Sources */,
				688B0D2E22CCF2A300D4354E /* Platform.swift in Sources */,
				688B0BC522CCCC2D00D4354E /* Properties.swift in Sources */,
				688B0BC622CCCC2D00D4354E /* Mutating.swift in Sources */,
				688B0BCB22CCCC2D00D4354E /* Configuration+Style.swift in Sources */,
				688B0C5422CCD6ED00D4354E /* AssociatedObject.swift in Sources */,
				688B0BD022CCCC2D00D4354E /* Configuration.swift in Sources */,
				688B0D3122CCF31D00D4354E /* HyperViewManager.swift in Sources */,
				68375E4F22CE31AD008E216A /* NSTextFieldObserver.swift in Sources */,
				688B0BD322CCCC2D00D4354E /* OptionalType.swift in Sources */,
				688B0BD522CCCC2D00D4354E /* ActionPublisher.swift in Sources */,
				688B0BD622CCCC2D00D4354E /* CollectionViewState.swift in Sources */,
				688B0BDB22CCCC2D00D4354E /* BaseSubConfiguration.swift in Sources */,
			);
			runOnlyForDeploymentPostprocessing = 0;
		};
/* End PBXSourcesBuildPhase section */

/* Begin PBXTargetDependency section */
		1856580722B77CB80007B0B5 /* PBXTargetDependency */ = {
			isa = PBXTargetDependency;
			target = 185657FA22B77CB80007B0B5 /* Interface-iOS */;
			targetProxy = 1856580622B77CB80007B0B5 /* PBXContainerItemProxy */;
		};
/* End PBXTargetDependency section */

/* Begin XCBuildConfiguration section */
		1856580D22B77CB80007B0B5 /* Debug */ = {
			isa = XCBuildConfiguration;
			buildSettings = {
				ALWAYS_SEARCH_USER_PATHS = NO;
				CLANG_ANALYZER_NONNULL = YES;
				CLANG_ANALYZER_NUMBER_OBJECT_CONVERSION = YES_AGGRESSIVE;
				CLANG_CXX_LANGUAGE_STANDARD = "gnu++14";
				CLANG_CXX_LIBRARY = "libc++";
				CLANG_ENABLE_MODULES = YES;
				CLANG_ENABLE_OBJC_ARC = YES;
				CLANG_ENABLE_OBJC_WEAK = YES;
				CLANG_WARN_BLOCK_CAPTURE_AUTORELEASING = YES;
				CLANG_WARN_BOOL_CONVERSION = YES;
				CLANG_WARN_COMMA = YES;
				CLANG_WARN_CONSTANT_CONVERSION = YES;
				CLANG_WARN_DEPRECATED_OBJC_IMPLEMENTATIONS = YES;
				CLANG_WARN_DIRECT_OBJC_ISA_USAGE = YES_ERROR;
				CLANG_WARN_DOCUMENTATION_COMMENTS = YES;
				CLANG_WARN_EMPTY_BODY = YES;
				CLANG_WARN_ENUM_CONVERSION = YES;
				CLANG_WARN_INFINITE_RECURSION = YES;
				CLANG_WARN_INT_CONVERSION = YES;
				CLANG_WARN_NON_LITERAL_NULL_CONVERSION = YES;
				CLANG_WARN_OBJC_IMPLICIT_RETAIN_SELF = YES;
				CLANG_WARN_OBJC_LITERAL_CONVERSION = YES;
				CLANG_WARN_OBJC_ROOT_CLASS = YES_ERROR;
				CLANG_WARN_RANGE_LOOP_ANALYSIS = YES;
				CLANG_WARN_STRICT_PROTOTYPES = YES;
				CLANG_WARN_SUSPICIOUS_MOVE = YES;
				CLANG_WARN_UNGUARDED_AVAILABILITY = YES_AGGRESSIVE;
				CLANG_WARN_UNREACHABLE_CODE = YES;
				CLANG_WARN__DUPLICATE_METHOD_MATCH = YES;
				CODE_SIGN_IDENTITY = "iPhone Developer";
				COPY_PHASE_STRIP = NO;
				CURRENT_PROJECT_VERSION = 1;
				DEBUG_INFORMATION_FORMAT = dwarf;
				ENABLE_STRICT_OBJC_MSGSEND = YES;
				ENABLE_TESTABILITY = YES;
				GCC_C_LANGUAGE_STANDARD = gnu11;
				GCC_DYNAMIC_NO_PIC = NO;
				GCC_NO_COMMON_BLOCKS = YES;
				GCC_OPTIMIZATION_LEVEL = 0;
				GCC_PREPROCESSOR_DEFINITIONS = (
					"DEBUG=1",
					"$(inherited)",
				);
				GCC_WARN_64_TO_32_BIT_CONVERSION = YES;
				GCC_WARN_ABOUT_RETURN_TYPE = YES_ERROR;
				GCC_WARN_UNDECLARED_SELECTOR = YES;
				GCC_WARN_UNINITIALIZED_AUTOS = YES_AGGRESSIVE;
				GCC_WARN_UNUSED_FUNCTION = YES;
				GCC_WARN_UNUSED_VARIABLE = YES;
				IPHONEOS_DEPLOYMENT_TARGET = 11.0;
				MTL_ENABLE_DEBUG_INFO = INCLUDE_SOURCE;
				MTL_FAST_MATH = YES;
				ONLY_ACTIVE_ARCH = YES;
				SDKROOT = iphoneos;
				SWIFT_ACTIVE_COMPILATION_CONDITIONS = DEBUG;
				SWIFT_OPTIMIZATION_LEVEL = "-Onone";
				VERSIONING_SYSTEM = "apple-generic";
				VERSION_INFO_PREFIX = "";
			};
			name = Debug;
		};
		1856580E22B77CB80007B0B5 /* Release */ = {
			isa = XCBuildConfiguration;
			buildSettings = {
				ALWAYS_SEARCH_USER_PATHS = NO;
				CLANG_ANALYZER_NONNULL = YES;
				CLANG_ANALYZER_NUMBER_OBJECT_CONVERSION = YES_AGGRESSIVE;
				CLANG_CXX_LANGUAGE_STANDARD = "gnu++14";
				CLANG_CXX_LIBRARY = "libc++";
				CLANG_ENABLE_MODULES = YES;
				CLANG_ENABLE_OBJC_ARC = YES;
				CLANG_ENABLE_OBJC_WEAK = YES;
				CLANG_WARN_BLOCK_CAPTURE_AUTORELEASING = YES;
				CLANG_WARN_BOOL_CONVERSION = YES;
				CLANG_WARN_COMMA = YES;
				CLANG_WARN_CONSTANT_CONVERSION = YES;
				CLANG_WARN_DEPRECATED_OBJC_IMPLEMENTATIONS = YES;
				CLANG_WARN_DIRECT_OBJC_ISA_USAGE = YES_ERROR;
				CLANG_WARN_DOCUMENTATION_COMMENTS = YES;
				CLANG_WARN_EMPTY_BODY = YES;
				CLANG_WARN_ENUM_CONVERSION = YES;
				CLANG_WARN_INFINITE_RECURSION = YES;
				CLANG_WARN_INT_CONVERSION = YES;
				CLANG_WARN_NON_LITERAL_NULL_CONVERSION = YES;
				CLANG_WARN_OBJC_IMPLICIT_RETAIN_SELF = YES;
				CLANG_WARN_OBJC_LITERAL_CONVERSION = YES;
				CLANG_WARN_OBJC_ROOT_CLASS = YES_ERROR;
				CLANG_WARN_RANGE_LOOP_ANALYSIS = YES;
				CLANG_WARN_STRICT_PROTOTYPES = YES;
				CLANG_WARN_SUSPICIOUS_MOVE = YES;
				CLANG_WARN_UNGUARDED_AVAILABILITY = YES_AGGRESSIVE;
				CLANG_WARN_UNREACHABLE_CODE = YES;
				CLANG_WARN__DUPLICATE_METHOD_MATCH = YES;
				CODE_SIGN_IDENTITY = "iPhone Developer";
				COPY_PHASE_STRIP = NO;
				CURRENT_PROJECT_VERSION = 1;
				DEBUG_INFORMATION_FORMAT = "dwarf-with-dsym";
				ENABLE_NS_ASSERTIONS = NO;
				ENABLE_STRICT_OBJC_MSGSEND = YES;
				GCC_C_LANGUAGE_STANDARD = gnu11;
				GCC_NO_COMMON_BLOCKS = YES;
				GCC_WARN_64_TO_32_BIT_CONVERSION = YES;
				GCC_WARN_ABOUT_RETURN_TYPE = YES_ERROR;
				GCC_WARN_UNDECLARED_SELECTOR = YES;
				GCC_WARN_UNINITIALIZED_AUTOS = YES_AGGRESSIVE;
				GCC_WARN_UNUSED_FUNCTION = YES;
				GCC_WARN_UNUSED_VARIABLE = YES;
				IPHONEOS_DEPLOYMENT_TARGET = 11.0;
				MTL_ENABLE_DEBUG_INFO = NO;
				MTL_FAST_MATH = YES;
				SDKROOT = iphoneos;
				SWIFT_COMPILATION_MODE = wholemodule;
				SWIFT_OPTIMIZATION_LEVEL = "-O";
				VALIDATE_PRODUCT = YES;
				VERSIONING_SYSTEM = "apple-generic";
				VERSION_INFO_PREFIX = "";
			};
			name = Release;
		};
		1856581022B77CB80007B0B5 /* Debug */ = {
			isa = XCBuildConfiguration;
			baseConfigurationReference = 8A9B8C61294483F8C5107867 /* Pods-Interface-Interface-iOS.debug.xcconfig */;
			buildSettings = {
				CODE_SIGN_IDENTITY = "";
				CODE_SIGN_STYLE = Automatic;
				DEFINES_MODULE = YES;
				DEVELOPMENT_TEAM = Z4J75M6GAC;
				DYLIB_COMPATIBILITY_VERSION = 1;
				DYLIB_CURRENT_VERSION = 1;
				DYLIB_INSTALL_NAME_BASE = "@rpath";
				INFOPLIST_FILE = "$(SRCROOT)/Resources/Info.plist";
				INSTALL_PATH = "$(LOCAL_LIBRARY_DIR)/Frameworks";
				LD_RUNPATH_SEARCH_PATHS = (
					"$(inherited)",
					"@executable_path/Frameworks",
					"@loader_path/Frameworks",
				);
				PRODUCT_BUNDLE_IDENTIFIER = org.brightify.Interface;
				PRODUCT_NAME = "$(TARGET_NAME:c99extidentifier)";
				SKIP_INSTALL = YES;
				SWIFT_VERSION = 5.0;
				TARGETED_DEVICE_FAMILY = "1,2";
			};
			name = Debug;
		};
		1856581122B77CB80007B0B5 /* Release */ = {
			isa = XCBuildConfiguration;
			baseConfigurationReference = ABE2FEF980CBD045D65AECD6 /* Pods-Interface-Interface-iOS.release.xcconfig */;
			buildSettings = {
				CODE_SIGN_IDENTITY = "";
				CODE_SIGN_STYLE = Automatic;
				DEFINES_MODULE = YES;
				DEVELOPMENT_TEAM = Z4J75M6GAC;
				DYLIB_COMPATIBILITY_VERSION = 1;
				DYLIB_CURRENT_VERSION = 1;
				DYLIB_INSTALL_NAME_BASE = "@rpath";
				INFOPLIST_FILE = "$(SRCROOT)/Resources/Info.plist";
				INSTALL_PATH = "$(LOCAL_LIBRARY_DIR)/Frameworks";
				LD_RUNPATH_SEARCH_PATHS = (
					"$(inherited)",
					"@executable_path/Frameworks",
					"@loader_path/Frameworks",
				);
				PRODUCT_BUNDLE_IDENTIFIER = org.brightify.Interface;
				PRODUCT_NAME = "$(TARGET_NAME:c99extidentifier)";
				SKIP_INSTALL = YES;
				SWIFT_VERSION = 5.0;
				TARGETED_DEVICE_FAMILY = "1,2";
			};
			name = Release;
		};
		1856581322B77CB80007B0B5 /* Debug */ = {
			isa = XCBuildConfiguration;
			buildSettings = {
				ALWAYS_EMBED_SWIFT_STANDARD_LIBRARIES = YES;
				CODE_SIGN_STYLE = Automatic;
				DEVELOPMENT_TEAM = Z4J75M6GAC;
				INFOPLIST_FILE = Interface/Tests/Info.plist;
				LD_RUNPATH_SEARCH_PATHS = (
					"$(inherited)",
					"@executable_path/Frameworks",
					"@loader_path/Frameworks",
				);
				PRODUCT_BUNDLE_IDENTIFIER = org.brightify.InterfaceTests;
				PRODUCT_NAME = "$(TARGET_NAME)";
				SWIFT_VERSION = 5.0;
				TARGETED_DEVICE_FAMILY = "1,2";
			};
			name = Debug;
		};
		1856581422B77CB80007B0B5 /* Release */ = {
			isa = XCBuildConfiguration;
			buildSettings = {
				ALWAYS_EMBED_SWIFT_STANDARD_LIBRARIES = YES;
				CODE_SIGN_STYLE = Automatic;
				DEVELOPMENT_TEAM = Z4J75M6GAC;
				INFOPLIST_FILE = Interface/Tests/Info.plist;
				LD_RUNPATH_SEARCH_PATHS = (
					"$(inherited)",
					"@executable_path/Frameworks",
					"@loader_path/Frameworks",
				);
				PRODUCT_BUNDLE_IDENTIFIER = org.brightify.InterfaceTests;
				PRODUCT_NAME = "$(TARGET_NAME)";
				SWIFT_VERSION = 5.0;
				TARGETED_DEVICE_FAMILY = "1,2";
			};
			name = Release;
		};
		688B0BE422CCCC2D00D4354E /* Debug */ = {
			isa = XCBuildConfiguration;
			baseConfigurationReference = B702AE61D1B5257E212724BF /* Pods-Interface-Interface-macOS.debug.xcconfig */;
			buildSettings = {
				CODE_SIGN_IDENTITY = "";
				CODE_SIGN_STYLE = Automatic;
				DEFINES_MODULE = YES;
				DEVELOPMENT_TEAM = Z4J75M6GAC;
				DYLIB_COMPATIBILITY_VERSION = 1;
				DYLIB_CURRENT_VERSION = 1;
				DYLIB_INSTALL_NAME_BASE = "@rpath";
				INFOPLIST_FILE = "$(SRCROOT)/Resources/Info.plist";
				INSTALL_PATH = "$(LOCAL_LIBRARY_DIR)/Frameworks";
				IPHONEOS_DEPLOYMENT_TARGET = "";
				LD_RUNPATH_SEARCH_PATHS = (
					"$(inherited)",
					"@executable_path/Frameworks",
					"@loader_path/Frameworks",
				);
				PRODUCT_BUNDLE_IDENTIFIER = org.brightify.Interface;
				PRODUCT_NAME = "$(TARGET_NAME:c99extidentifier)";
				SDKROOT = macosx;
				SKIP_INSTALL = YES;
				SWIFT_VERSION = 5.0;
				TARGETED_DEVICE_FAMILY = "1,2";
			};
			name = Debug;
		};
		688B0BE522CCCC2D00D4354E /* Release */ = {
			isa = XCBuildConfiguration;
			baseConfigurationReference = 02D0B689BDD9A862637A1050 /* Pods-Interface-Interface-macOS.release.xcconfig */;
			buildSettings = {
				CODE_SIGN_IDENTITY = "";
				CODE_SIGN_STYLE = Automatic;
				DEFINES_MODULE = YES;
				DEVELOPMENT_TEAM = Z4J75M6GAC;
				DYLIB_COMPATIBILITY_VERSION = 1;
				DYLIB_CURRENT_VERSION = 1;
				DYLIB_INSTALL_NAME_BASE = "@rpath";
				INFOPLIST_FILE = "$(SRCROOT)/Resources/Info.plist";
				INSTALL_PATH = "$(LOCAL_LIBRARY_DIR)/Frameworks";
				IPHONEOS_DEPLOYMENT_TARGET = "";
				LD_RUNPATH_SEARCH_PATHS = (
					"$(inherited)",
					"@executable_path/Frameworks",
					"@loader_path/Frameworks",
				);
				PRODUCT_BUNDLE_IDENTIFIER = org.brightify.Interface;
				PRODUCT_NAME = "$(TARGET_NAME:c99extidentifier)";
				SDKROOT = macosx;
				SKIP_INSTALL = YES;
				SWIFT_VERSION = 5.0;
				TARGETED_DEVICE_FAMILY = "1,2";
			};
			name = Release;
		};
/* End XCBuildConfiguration section */

/* Begin XCConfigurationList section */
		185657F522B77CB80007B0B5 /* Build configuration list for PBXProject "Interface" */ = {
			isa = XCConfigurationList;
			buildConfigurations = (
				1856580D22B77CB80007B0B5 /* Debug */,
				1856580E22B77CB80007B0B5 /* Release */,
			);
			defaultConfigurationIsVisible = 0;
			defaultConfigurationName = Release;
		};
		1856580F22B77CB80007B0B5 /* Build configuration list for PBXNativeTarget "Interface-iOS" */ = {
			isa = XCConfigurationList;
			buildConfigurations = (
				1856581022B77CB80007B0B5 /* Debug */,
				1856581122B77CB80007B0B5 /* Release */,
			);
			defaultConfigurationIsVisible = 0;
			defaultConfigurationName = Release;
		};
		1856581222B77CB80007B0B5 /* Build configuration list for PBXNativeTarget "InterfaceTests" */ = {
			isa = XCConfigurationList;
			buildConfigurations = (
				1856581322B77CB80007B0B5 /* Debug */,
				1856581422B77CB80007B0B5 /* Release */,
			);
			defaultConfigurationIsVisible = 0;
			defaultConfigurationName = Release;
		};
		688B0BE322CCCC2D00D4354E /* Build configuration list for PBXNativeTarget "Interface-macOS" */ = {
			isa = XCConfigurationList;
			buildConfigurations = (
				688B0BE422CCCC2D00D4354E /* Debug */,
				688B0BE522CCCC2D00D4354E /* Release */,
			);
			defaultConfigurationIsVisible = 0;
			defaultConfigurationName = Release;
		};
/* End XCConfigurationList section */
	};
	rootObject = 185657F222B77CB80007B0B5 /* Project object */;
}
