PODS:
  - Cuckoo (1.3.0):
    - Cuckoo/Swift (= 1.3.0)
  - Cuckoo/Swift (1.3.0)
  - Kingfisher (5.11.0):
    - Kingfisher/Core (= 5.11.0)
  - Kingfisher/Core (5.11.0)
  - Nimble (8.0.4)
  - Quick (2.2.0)
  - RxBlocking (5.0.1):
    - RxSwift (~> 5)
  - RxCocoa (5.0.1):
    - RxRelay (~> 5)
    - RxSwift (~> 5)
  - RxNimble (4.6.0):
    - RxNimble/RxBlocking (= 4.6.0)
  - RxNimble/Core (4.6.0):
    - Nimble (~> 8.0)
    - RxSwift (~> 5.0)
  - RxNimble/RxBlocking (4.6.0):
    - RxBlocking
    - RxNimble/Core
  - RxOptional (3.2.0):
    - RxCocoa
    - RxSwift
  - RxRelay (5.0.1):
    - RxSwift (~> 5)
  - RxSwift (5.0.1)
  - RxTest (5.0.1):
    - RxSwift (~> 5)
  - SnapKit (5.0.1)

DEPENDENCIES:
  - Cuckoo (from `https://github.com/Brightify/Cuckoo.git`, branch `master`)
  - Kingfisher (~> 5.0)
  - Nimble (~> 8.0)
  - Quick (~> 2.0)
  - RxCocoa (~> 5.0)
  - RxNimble
  - RxOptional (~> 3.0)
  - RxSwift (~> 5.0)
  - RxTest
  - SnapKit (~> 5.0)

SPEC REPOS:
  trunk:
    - Kingfisher
    - Nimble
    - Quick
    - RxBlocking
    - RxCocoa
    - RxNimble
    - RxOptional
    - RxRelay
    - RxSwift
    - RxTest
    - SnapKit

EXTERNAL SOURCES:
  Cuckoo:
    :branch: master
    :git: https://github.com/Brightify/Cuckoo.git

CHECKOUT OPTIONS:
  Cuckoo:
    :commit: cd58a7f09ebcc6003812584e34b961ac09e12b76
    :git: https://github.com/Brightify/Cuckoo.git

SPEC CHECKSUMS:
  Cuckoo: 4045c5a8ce378c919c20c5ff3d6dd11ded0ec699
  Kingfisher: 4569606189149e19c7d9439f47e885d0679b7a90
  Nimble: 18d5360282923225d62b09d781f63abc1a0111fc
  Quick: 7fb19e13be07b5dfb3b90d4f9824c855a11af40e
  RxBlocking: c5e090f42d046df8b0e7752742510f349963710f
  RxCocoa: e741b9749968e8a143e2b787f1dfbff2b63d0a5c
  RxNimble: abdbe797eed9ed087df75fd72d52d1c7e96c875f
  RxOptional: d2d6a68064bc16b4801332c40663967f481b0234
  RxRelay: 89d54507f4fd4d969e6ec1d4bd7f3673640b4640
  RxSwift: e2dc62b366a3adf6a0be44ba9f405efd4c94e0c4
  RxTest: 0132f952a61da82d5233abedaa559df91e5330e5
  SnapKit: 97b92857e3df3a0c71833cce143274bf6ef8e5eb

PODFILE CHECKSUM: 6b7dba1dab2e70c26674d80bfccd5e8d34f9cc14

COCOAPODS: 1.8.4
